// !$*UTF8*$!
{
	archiveVersion = 1;
	classes = {
	};
	objectVersion = 42;
	objects = {

/* Begin PBXAggregateTarget section */
		7983E7E80B0C4F2200F5078E /* Build All */ = {
			isa = PBXAggregateTarget;
			buildConfigurationList = 7983E7F00B0C4F6F00F5078E /* Build configuration list for PBXAggregateTarget "Build All" */;
			buildPhases = (
				7983E7EE0B0C4F5100F5078E /* ShellScript */,
			);
			dependencies = (
				7983E7EA0B0C4F4200F5078E /* PBXTargetDependency */,
				7983E7EC0B0C4F4600F5078E /* PBXTargetDependency */,
			);
			name = "Build All";
			productName = "Build All";
		};
/* End PBXAggregateTarget section */

/* Begin PBXBuildFile section */
		09B5F7660A01D1BF001F8961 /* AbstractConnectionTest.m in Sources */ = {isa = PBXBuildFile; fileRef = 09D6603109FD37B70000BA00 /* AbstractConnectionTest.m */; };
		09D6603A09FD37CD0000BA00 /* ConnectionKit.framework in Frameworks */ = {isa = PBXBuildFile; fileRef = 79CFD12609F702BE00172CDD /* ConnectionKit.framework */; };
		09EB32BA0A15B801008A5C3D /* FTPConnectionTest.m in Sources */ = {isa = PBXBuildFile; fileRef = 7981F6C60A05F6D2004D775D /* FTPConnectionTest.m */; };
		270B9B840FF3AAB300DC1DAA /* CKFSItemInfo.h in Headers */ = {isa = PBXBuildFile; fileRef = 270B9B820FF3AAB300DC1DAA /* CKFSItemInfo.h */; };
		270B9B850FF3AAB400DC1DAA /* CKFSItemInfo.m in Sources */ = {isa = PBXBuildFile; fileRef = 270B9B830FF3AAB300DC1DAA /* CKFSItemInfo.m */; };
		2740ED0A0FE94CD90081C416 /* CKThreadProxy.h in Headers */ = {isa = PBXBuildFile; fileRef = 2740ED080FE94CD90081C416 /* CKThreadProxy.h */; };
		2740ED0B0FE94CD90081C416 /* CKThreadProxy.m in Sources */ = {isa = PBXBuildFile; fileRef = 2740ED090FE94CD90081C416 /* CKThreadProxy.m */; };
		2745C064100F470300AB2F29 /* NSString+Connection.h in Headers */ = {isa = PBXBuildFile; fileRef = 2745C062100F470300AB2F29 /* NSString+Connection.h */; };
		2745C065100F470300AB2F29 /* NSString+Connection.m in Sources */ = {isa = PBXBuildFile; fileRef = 2745C063100F470300AB2F29 /* NSString+Connection.m */; };
		2745C07C100F495C00AB2F29 /* CKFSProtocolThread.h in Headers */ = {isa = PBXBuildFile; fileRef = 2745C07A100F495C00AB2F29 /* CKFSProtocolThread.h */; };
		2745C07D100F495C00AB2F29 /* CKFSProtocolThread.m in Sources */ = {isa = PBXBuildFile; fileRef = 2745C07B100F495C00AB2F29 /* CKFSProtocolThread.m */; };
		27774F630FF3E8AC00CEFCA2 /* CKAmazonS3Protocol.h in Headers */ = {isa = PBXBuildFile; fileRef = 27774F610FF3E8AC00CEFCA2 /* CKAmazonS3Protocol.h */; };
		27774F640FF3E8AC00CEFCA2 /* CKAmazonS3Protocol.m in Sources */ = {isa = PBXBuildFile; fileRef = 27774F620FF3E8AC00CEFCA2 /* CKAmazonS3Protocol.m */; };
		278B966A0F27FC18002F3C54 /* CKWebDAVProtocol.h in Headers */ = {isa = PBXBuildFile; fileRef = 278B96680F27FC18002F3C54 /* CKWebDAVProtocol.h */; settings = {ATTRIBUTES = (Private, ); }; };
		278B966B0F27FC18002F3C54 /* CKWebDAVProtocol.m in Sources */ = {isa = PBXBuildFile; fileRef = 278B96690F27FC18002F3C54 /* CKWebDAVProtocol.m */; };
		278B967E0F27FCDE002F3C54 /* CKFileTransferConnection.h in Headers */ = {isa = PBXBuildFile; fileRef = 278B96740F27FCDC002F3C54 /* CKFileTransferConnection.h */; settings = {ATTRIBUTES = (Public, ); }; };
		278B967F0F27FCDE002F3C54 /* CKFileTransferConnection.m in Sources */ = {isa = PBXBuildFile; fileRef = 278B96750F27FCDC002F3C54 /* CKFileTransferConnection.m */; };
		278B96820F27FCDE002F3C54 /* CKFSProtocol.h in Headers */ = {isa = PBXBuildFile; fileRef = 278B96780F27FCDD002F3C54 /* CKFSProtocol.h */; settings = {ATTRIBUTES = (Public, ); }; };
		278B96830F27FCDE002F3C54 /* CKFSProtocol.m in Sources */ = {isa = PBXBuildFile; fileRef = 278B96790F27FCDD002F3C54 /* CKFSProtocol.m */; };
		278B978F0F28F136002F3C54 /* CKError.h in Headers */ = {isa = PBXBuildFile; fileRef = 278B978E0F28F136002F3C54 /* CKError.h */; settings = {ATTRIBUTES = (Public, ); }; };
		278B98740F29EC12002F3C54 /* CKLocalFileSystemProtocol.h in Headers */ = {isa = PBXBuildFile; fileRef = 278B98720F29EC12002F3C54 /* CKLocalFileSystemProtocol.h */; settings = {ATTRIBUTES = (Private, ); }; };
		278B98750F29EC12002F3C54 /* CKLocalFileSystemProtocol.m in Sources */ = {isa = PBXBuildFile; fileRef = 278B98730F29EC12002F3C54 /* CKLocalFileSystemProtocol.m */; };
		278B99A60F2B66C4002F3C54 /* CKFileTransferConnection+Private.h in Headers */ = {isa = PBXBuildFile; fileRef = 278B99A40F2B66C4002F3C54 /* CKFileTransferConnection+Private.h */; };
		278B99C80F2B76AC002F3C54 /* CKConnectionAuthentication.h in Headers */ = {isa = PBXBuildFile; fileRef = 278B99C60F2B76AC002F3C54 /* CKConnectionAuthentication.h */; settings = {ATTRIBUTES = (Public, ); }; };
		278B99C90F2B76AC002F3C54 /* CKConnectionAuthentication.m in Sources */ = {isa = PBXBuildFile; fileRef = 278B99C70F2B76AC002F3C54 /* CKConnectionAuthentication.m */; };
		278B99D30F2B77D3002F3C54 /* CKConnectionAuthentication+Internal.h in Headers */ = {isa = PBXBuildFile; fileRef = 278B99D20F2B77D3002F3C54 /* CKConnectionAuthentication+Internal.h */; };
		278F9A3B0F702FE4003B7645 /* CKHTTPConnection.h in Headers */ = {isa = PBXBuildFile; fileRef = 278F9A390F702FE4003B7645 /* CKHTTPConnection.h */; };
		278F9A3C0F702FE4003B7645 /* CKHTTPConnection.m in Sources */ = {isa = PBXBuildFile; fileRef = 278F9A3A0F702FE4003B7645 /* CKHTTPConnection.m */; };
		279EF8DA100CFBEC003CF6E2 /* CKHTTPBasedProtocol.h in Headers */ = {isa = PBXBuildFile; fileRef = 279EF8D8100CFBEC003CF6E2 /* CKHTTPBasedProtocol.h */; };
		279EF8DB100CFBEC003CF6E2 /* CKHTTPBasedProtocol.m in Sources */ = {isa = PBXBuildFile; fileRef = 279EF8D9100CFBEC003CF6E2 /* CKHTTPBasedProtocol.m */; };
		279EF99B100D3F26003CF6E2 /* CKFileRequest.h in Headers */ = {isa = PBXBuildFile; fileRef = 279EF999100D3F26003CF6E2 /* CKFileRequest.h */; };
		279EF99C100D3F26003CF6E2 /* CKFileRequest.m in Sources */ = {isa = PBXBuildFile; fileRef = 279EF99A100D3F26003CF6E2 /* CKFileRequest.m */; };
		279EFA26100DE65D003CF6E2 /* CK_FileOperation.h in Headers */ = {isa = PBXBuildFile; fileRef = 279EFA24100DE65D003CF6E2 /* CK_FileOperation.h */; };
		279EFA27100DE65D003CF6E2 /* CK_FileOperation.m in Sources */ = {isa = PBXBuildFile; fileRef = 279EFA25100DE65D003CF6E2 /* CK_FileOperation.m */; };
		279EFA34100DE753003CF6E2 /* CK_AsyncOperation.h in Headers */ = {isa = PBXBuildFile; fileRef = 279EFA32100DE753003CF6E2 /* CK_AsyncOperation.h */; };
		279EFA35100DE753003CF6E2 /* CK_AsyncOperation.m in Sources */ = {isa = PBXBuildFile; fileRef = 279EFA33100DE753003CF6E2 /* CK_AsyncOperation.m */; };
		27B052A7100E1BA100338264 /* CK_FileTransferClient.h in Headers */ = {isa = PBXBuildFile; fileRef = 27B052A5100E1BA100338264 /* CK_FileTransferClient.h */; };
		27B052A8100E1BA100338264 /* CK_FileTransferClient.m in Sources */ = {isa = PBXBuildFile; fileRef = 27B052A6100E1BA100338264 /* CK_FileTransferClient.m */; };
		27D1E90C0FEB04FF00DC6A84 /* CKFileTransferDelegate.h in Headers */ = {isa = PBXBuildFile; fileRef = 27D1E90B0FEB04FF00DC6A84 /* CKFileTransferDelegate.h */; settings = {ATTRIBUTES = (Public, ); }; };
		27EF164C0FF7BB85000D52D1 /* CK_AmazonS3RESTOperation.h in Headers */ = {isa = PBXBuildFile; fileRef = 27EF164A0FF7BB85000D52D1 /* CK_AmazonS3RESTOperation.h */; };
		27EF164D0FF7BB85000D52D1 /* CK_AmazonS3RESTOperation.m in Sources */ = {isa = PBXBuildFile; fileRef = 27EF164B0FF7BB85000D52D1 /* CK_AmazonS3RESTOperation.m */; };
		27F05A6B0F2BA0B200DB5FBA /* CKFTPProtocol.h in Headers */ = {isa = PBXBuildFile; fileRef = 27F05A690F2BA0B200DB5FBA /* CKFTPProtocol.h */; settings = {ATTRIBUTES = (Private, ); }; };
		27F05A6C0F2BA0B200DB5FBA /* CKFTPProtocol.m in Sources */ = {isa = PBXBuildFile; fileRef = 27F05A6A0F2BA0B200DB5FBA /* CKFTPProtocol.m */; };
		27F05A6F0F2BA0D800DB5FBA /* CKSFTPProtocol.h in Headers */ = {isa = PBXBuildFile; fileRef = 27F05A6D0F2BA0D800DB5FBA /* CKSFTPProtocol.h */; settings = {ATTRIBUTES = (Private, ); }; };
		27F05A700F2BA0D800DB5FBA /* CKSFTPProtocol.m in Sources */ = {isa = PBXBuildFile; fileRef = 27F05A6E0F2BA0D800DB5FBA /* CKSFTPProtocol.m */; };
		27FD82B41019E74E00C0EB4A /* CKAmazonS3Handle.h in Headers */ = {isa = PBXBuildFile; fileRef = 27FD82B21019E74E00C0EB4A /* CKAmazonS3Handle.h */; };
		27FD82B51019E74E00C0EB4A /* CKAmazonS3Handle.m in Sources */ = {isa = PBXBuildFile; fileRef = 27FD82B31019E74E00C0EB4A /* CKAmazonS3Handle.m */; };
		27FD82D2101A01ED00C0EB4A /* CK_AmazonS3BucketInfoParser.h in Headers */ = {isa = PBXBuildFile; fileRef = 27FD82CC101A01ED00C0EB4A /* CK_AmazonS3BucketInfoParser.h */; };
		27FD82D3101A01ED00C0EB4A /* CK_AmazonS3BucketInfoParser.m in Sources */ = {isa = PBXBuildFile; fileRef = 27FD82CD101A01ED00C0EB4A /* CK_AmazonS3BucketInfoParser.m */; };
		27FD82D4101A01ED00C0EB4A /* CK_AmazonS3ServiceInfoParser.h in Headers */ = {isa = PBXBuildFile; fileRef = 27FD82CE101A01ED00C0EB4A /* CK_AmazonS3ServiceInfoParser.h */; };
		27FD82D5101A01ED00C0EB4A /* CK_AmazonS3ServiceInfoParser.m in Sources */ = {isa = PBXBuildFile; fileRef = 27FD82CF101A01ED00C0EB4A /* CK_AmazonS3ServiceInfoParser.m */; };
		27FD82D6101A01ED00C0EB4A /* CKAmazonS3FSProtocol.h in Headers */ = {isa = PBXBuildFile; fileRef = 27FD82D0101A01ED00C0EB4A /* CKAmazonS3FSProtocol.h */; };
		27FD82D7101A01ED00C0EB4A /* CKAmazonS3FSProtocol.m in Sources */ = {isa = PBXBuildFile; fileRef = 27FD82D1101A01ED00C0EB4A /* CKAmazonS3FSProtocol.m */; };
		7909996B0CA8376B00A22156 /* gear_disabled.tiff in Resources */ = {isa = PBXBuildFile; fileRef = 790999680CA8376B00A22156 /* gear_disabled.tiff */; };
		7909996C0CA8376C00A22156 /* gear_normal.tiff in Resources */ = {isa = PBXBuildFile; fileRef = 790999690CA8376B00A22156 /* gear_normal.tiff */; };
		7909996D0CA8376C00A22156 /* gear_pressed.tiff in Resources */ = {isa = PBXBuildFile; fileRef = 7909996A0CA8376B00A22156 /* gear_pressed.tiff */; };
		79318F2F0CA9F3A2005C4AB6 /* gear.tiff in Resources */ = {isa = PBXBuildFile; fileRef = 79318F2E0CA9F3A1005C4AB6 /* gear.tiff */; };
		79420F520C94EDAD0002B99D /* browser_resizer.tiff in Resources */ = {isa = PBXBuildFile; fileRef = 79420F510C94EDAD0002B99D /* browser_resizer.tiff */; };
		794213E70C961B510002B99D /* container_triangle_selected.tiff in Resources */ = {isa = PBXBuildFile; fileRef = 794213E50C961B510002B99D /* container_triangle_selected.tiff */; };
		794213E80C961B510002B99D /* container_triangle.tiff in Resources */ = {isa = PBXBuildFile; fileRef = 794213E60C961B510002B99D /* container_triangle.tiff */; };
		794EFDD20A5CD6CA00913151 /* libcrypto.dylib in Frameworks */ = {isa = PBXBuildFile; fileRef = 794EFDD10A5CD6CA00913151 /* libcrypto.dylib */; };
		794EFDD50A5CD6F900913151 /* libssl.dylib in Frameworks */ = {isa = PBXBuildFile; fileRef = 794EFDD40A5CD6F900913151 /* libssl.dylib */; };
		795FF5020B0C018100EA9292 /* DropletMain.m in Sources */ = {isa = PBXBuildFile; fileRef = 795FF5010B0C018100EA9292 /* DropletMain.m */; };
		795FF5070B0C048700EA9292 /* Droplet.nib in Resources */ = {isa = PBXBuildFile; fileRef = 795FF5050B0C048700EA9292 /* Droplet.nib */; };
		795FF50E0B0C05F400EA9292 /* DropletController.m in Sources */ = {isa = PBXBuildFile; fileRef = 795FF50C0B0C05F400EA9292 /* DropletController.m */; };
		7978FC150B117D7C0048168B /* bookmark.tif in Resources */ = {isa = PBXBuildFile; fileRef = 7978FC140B117D7C0048168B /* bookmark.tif */; };
		797CC8C709F861770063FF9B /* Localizable.strings in Resources */ = {isa = PBXBuildFile; fileRef = 797CC8C509F861770063FF9B /* Localizable.strings */; };
		798300070B0D4A2600F5078E /* DropletLauncher.nib in Resources */ = {isa = PBXBuildFile; fileRef = 798300050B0D4A2600F5078E /* DropletLauncher.nib */; };
		7983E0950B0C1A8500F5078E /* DropletOutlineView.m in Sources */ = {isa = PBXBuildFile; fileRef = 7983E0940B0C1A8500F5078E /* DropletOutlineView.m */; };
		7983E2310B0C244700F5078E /* ConnectionKit.framework in Frameworks */ = {isa = PBXBuildFile; fileRef = 79CFD12609F702BE00172CDD /* ConnectionKit.framework */; };
		7983E24B0B0C245100F5078E /* Cocoa.framework in Frameworks */ = {isa = PBXBuildFile; fileRef = 1058C7A1FEA54F0111CA2CBB /* Cocoa.framework */; };
		7983E6CC0B0C4D8800F5078E /* DropletIcon.icns in Resources */ = {isa = PBXBuildFile; fileRef = 7983E6CB0B0C4D8800F5078E /* DropletIcon.icns */; };
		7983E6DE0B0C4E0000F5078E /* DropletLauncher.m in Sources */ = {isa = PBXBuildFile; fileRef = 7983E6730B0C41E300F5078E /* DropletLauncher.m */; };
		7983E7000B0C4E2800F5078E /* Cocoa.framework in Frameworks */ = {isa = PBXBuildFile; fileRef = 1058C7A1FEA54F0111CA2CBB /* Cocoa.framework */; };
		7983E7050B0C4E4E00F5078E /* DropletLauncher in Resources */ = {isa = PBXBuildFile; fileRef = 7983E6D20B0C4DF000F5078E /* DropletLauncher */; };
		7983EDF90B0C802C00F5078E /* DropletIcon.icns in Resources */ = {isa = PBXBuildFile; fileRef = 7983E6CB0B0C4D8800F5078E /* DropletIcon.icns */; };
		7983F3EE0B0D1B8B00F5078E /* DropletPanel.m in Sources */ = {isa = PBXBuildFile; fileRef = 7983F3ED0B0D1B8B00F5078E /* DropletPanel.m */; };
		79906BAF0B1175A800FE9681 /* host.png in Resources */ = {isa = PBXBuildFile; fileRef = 79906BAD0B1175A800FE9681 /* host.png */; };
		79906BB00B1175A800FE9681 /* bonjour.png in Resources */ = {isa = PBXBuildFile; fileRef = 79906BAE0B1175A800FE9681 /* bonjour.png */; };
		799174970C83962D00EFFC79 /* CKDirectoryTree.nib in Resources */ = {isa = PBXBuildFile; fileRef = 799174950C83962D00EFFC79 /* CKDirectoryTree.nib */; };
		79B09AA60C85CDFD00E7F1CC /* history_forward.tiff in Resources */ = {isa = PBXBuildFile; fileRef = 79B09AA10C85CDFD00E7F1CC /* history_forward.tiff */; };
		79B09AA70C85CDFD00E7F1CC /* history_back.tiff in Resources */ = {isa = PBXBuildFile; fileRef = 79B09AA20C85CDFD00E7F1CC /* history_back.tiff */; };
		79B09AA80C85CDFD00E7F1CC /* column_mode.tiff in Resources */ = {isa = PBXBuildFile; fileRef = 79B09AA30C85CDFD00E7F1CC /* column_mode.tiff */; };
		79B09AA90C85CDFD00E7F1CC /* list_mode.tiff in Resources */ = {isa = PBXBuildFile; fileRef = 79B09AA40C85CDFD00E7F1CC /* list_mode.tiff */; };
		79B09AAA0C85CDFD00E7F1CC /* icon_mode.tiff in Resources */ = {isa = PBXBuildFile; fileRef = 79B09AA50C85CDFD00E7F1CC /* icon_mode.tiff */; };
		79CFD89509F704F400172CDD /* ConnectionKit.h in Headers */ = {isa = PBXBuildFile; fileRef = 79CFD89409F704F400172CDD /* ConnectionKit.h */; settings = {ATTRIBUTES = (Public, ); }; };
		79CFD8C809F7069100172CDD /* ConnectionOpenPanel.nib in Resources */ = {isa = PBXBuildFile; fileRef = 79CFD8C609F7069100172CDD /* ConnectionOpenPanel.nib */; };
		79CFD92F09F7080B00172CDD /* libz.dylib in Frameworks */ = {isa = PBXBuildFile; fileRef = 79CFD92D09F7080B00172CDD /* libz.dylib */; };
		79CFD93709F7084000172CDD /* Security.framework in Frameworks */ = {isa = PBXBuildFile; fileRef = 79CFD93609F7084000172CDD /* Security.framework */; };
		79F9533D09FDC3A80041E345 /* ApplicationServices.framework in Frameworks */ = {isa = PBXBuildFile; fileRef = 79F9532B09FDC3A80041E345 /* ApplicationServices.framework */; };
		79FB807209F74185006E7D11 /* Carbon.framework in Frameworks */ = {isa = PBXBuildFile; fileRef = 79FB807109F74185006E7D11 /* Carbon.framework */; };
		D3053AAD0DE60D6B008646CE /* libicucore.A.dylib in Frameworks */ = {isa = PBXBuildFile; fileRef = D3053AAC0DE60D6B008646CE /* libicucore.A.dylib */; };
		D3A2B7A30D90A2E2002F02EF /* Passphrase.nib in Resources */ = {isa = PBXBuildFile; fileRef = D3A2B7A10D90A2E2002F02EF /* Passphrase.nib */; };
		D3EEAE380D41B42700D43A7A /* LeopardFolder.tiff in Resources */ = {isa = PBXBuildFile; fileRef = D3F1D3020D3BFF72008F6C35 /* LeopardFolder.tiff */; };
		D3EEAE390D41B42B00D43A7A /* AquaFolder.png in Resources */ = {isa = PBXBuildFile; fileRef = D3F1D2FF0D3BFF6A008F6C35 /* AquaFolder.png */; };
/* End PBXBuildFile section */

/* Begin PBXContainerItemProxy section */
		09D6604609FD37DD0000BA00 /* PBXContainerItemProxy */ = {
			isa = PBXContainerItemProxy;
			containerPortal = 29B97313FDCFA39411CA2CEA /* Project object */;
			proxyType = 1;
			remoteGlobalIDString = 79CFD12509F702BE00172CDD;
			remoteInfo = Framework;
		};
		795FF4FB0B0C014B00EA9292 /* PBXContainerItemProxy */ = {
			isa = PBXContainerItemProxy;
			containerPortal = 29B97313FDCFA39411CA2CEA /* Project object */;
			proxyType = 1;
			remoteGlobalIDString = 79CFD12509F702BE00172CDD;
			remoteInfo = Framework;
		};
		7983E7030B0C4E3300F5078E /* PBXContainerItemProxy */ = {
			isa = PBXContainerItemProxy;
			containerPortal = 29B97313FDCFA39411CA2CEA /* Project object */;
			proxyType = 1;
			remoteGlobalIDString = 7983E6D10B0C4DF000F5078E;
			remoteInfo = DropletLauncher;
		};
		7983E7E90B0C4F4200F5078E /* PBXContainerItemProxy */ = {
			isa = PBXContainerItemProxy;
			containerPortal = 29B97313FDCFA39411CA2CEA /* Project object */;
			proxyType = 1;
			remoteGlobalIDString = 79CFD12509F702BE00172CDD;
			remoteInfo = Framework;
		};
		7983E7EB0B0C4F4600F5078E /* PBXContainerItemProxy */ = {
			isa = PBXContainerItemProxy;
			containerPortal = 29B97313FDCFA39411CA2CEA /* Project object */;
			proxyType = 1;
			remoteGlobalIDString = 795FF4F00B0C013200EA9292;
			remoteInfo = DropletHelper;
		};
/* End PBXContainerItemProxy section */

/* Begin PBXFileReference section */
		09D6601D09FD37990000BA00 /* UnitTest.octest */ = {isa = PBXFileReference; explicitFileType = wrapper.cfbundle; includeInIndex = 0; path = UnitTest.octest; sourceTree = BUILT_PRODUCTS_DIR; };
		09D6601E09FD37990000BA00 /* UnitTest-Info.plist */ = {isa = PBXFileReference; lastKnownFileType = text.plist.xml; path = "UnitTest-Info.plist"; sourceTree = "<group>"; };
		09D6603009FD37B70000BA00 /* AbstractConnectionTest.h */ = {isa = PBXFileReference; fileEncoding = 4; lastKnownFileType = sourcecode.c.h; path = AbstractConnectionTest.h; sourceTree = "<group>"; };
		09D6603109FD37B70000BA00 /* AbstractConnectionTest.m */ = {isa = PBXFileReference; fileEncoding = 4; lastKnownFileType = sourcecode.c.objc; path = AbstractConnectionTest.m; sourceTree = "<group>"; };
		09D6603409FD37B70000BA00 /* SFTPConnectionTest.h */ = {isa = PBXFileReference; fileEncoding = 4; lastKnownFileType = sourcecode.c.h; path = SFTPConnectionTest.h; sourceTree = "<group>"; };
		09D6603509FD37B70000BA00 /* SFTPConnectionTest.m */ = {isa = PBXFileReference; fileEncoding = 4; lastKnownFileType = sourcecode.c.objc; path = SFTPConnectionTest.m; sourceTree = "<group>"; };
		1058C7A1FEA54F0111CA2CBB /* Cocoa.framework */ = {isa = PBXFileReference; lastKnownFileType = wrapper.framework; name = Cocoa.framework; path = /System/Library/Frameworks/Cocoa.framework; sourceTree = "<absolute>"; };
		13E42FB307B3F0F600E4EEF1 /* CoreData.framework */ = {isa = PBXFileReference; lastKnownFileType = wrapper.framework; name = CoreData.framework; path = /System/Library/Frameworks/CoreData.framework; sourceTree = "<absolute>"; };
		270B9B820FF3AAB300DC1DAA /* CKFSItemInfo.h */ = {isa = PBXFileReference; fileEncoding = 4; lastKnownFileType = sourcecode.c.h; path = CKFSItemInfo.h; sourceTree = "<group>"; };
		270B9B830FF3AAB300DC1DAA /* CKFSItemInfo.m */ = {isa = PBXFileReference; fileEncoding = 4; lastKnownFileType = sourcecode.c.objc; path = CKFSItemInfo.m; sourceTree = "<group>"; };
		2740ED080FE94CD90081C416 /* CKThreadProxy.h */ = {isa = PBXFileReference; fileEncoding = 4; lastKnownFileType = sourcecode.c.h; path = CKThreadProxy.h; sourceTree = "<group>"; };
		2740ED090FE94CD90081C416 /* CKThreadProxy.m */ = {isa = PBXFileReference; fileEncoding = 4; lastKnownFileType = sourcecode.c.objc; path = CKThreadProxy.m; sourceTree = "<group>"; };
		2740EE3E0FE9AFF60081C416 /* Connection architecture overview.graffle */ = {isa = PBXFileReference; fileEncoding = 4; lastKnownFileType = text.xml; path = "Connection architecture overview.graffle"; sourceTree = "<group>"; };
		2745C062100F470300AB2F29 /* NSString+Connection.h */ = {isa = PBXFileReference; fileEncoding = 4; lastKnownFileType = sourcecode.c.h; path = "NSString+Connection.h"; sourceTree = "<group>"; };
		2745C063100F470300AB2F29 /* NSString+Connection.m */ = {isa = PBXFileReference; fileEncoding = 4; lastKnownFileType = sourcecode.c.objc; path = "NSString+Connection.m"; sourceTree = "<group>"; };
		2745C07A100F495C00AB2F29 /* CKFSProtocolThread.h */ = {isa = PBXFileReference; fileEncoding = 4; lastKnownFileType = sourcecode.c.h; path = CKFSProtocolThread.h; sourceTree = "<group>"; };
		2745C07B100F495C00AB2F29 /* CKFSProtocolThread.m */ = {isa = PBXFileReference; fileEncoding = 4; lastKnownFileType = sourcecode.c.objc; path = CKFSProtocolThread.m; sourceTree = "<group>"; };
		27774F610FF3E8AC00CEFCA2 /* CKAmazonS3Protocol.h */ = {isa = PBXFileReference; fileEncoding = 4; lastKnownFileType = sourcecode.c.h; path = CKAmazonS3Protocol.h; sourceTree = "<group>"; };
		27774F620FF3E8AC00CEFCA2 /* CKAmazonS3Protocol.m */ = {isa = PBXFileReference; fileEncoding = 4; lastKnownFileType = sourcecode.c.objc; path = CKAmazonS3Protocol.m; sourceTree = "<group>"; };
		278B96680F27FC18002F3C54 /* CKWebDAVProtocol.h */ = {isa = PBXFileReference; fileEncoding = 4; lastKnownFileType = sourcecode.c.h; path = CKWebDAVProtocol.h; sourceTree = "<group>"; };
		278B96690F27FC18002F3C54 /* CKWebDAVProtocol.m */ = {isa = PBXFileReference; fileEncoding = 4; lastKnownFileType = sourcecode.c.objc; path = CKWebDAVProtocol.m; sourceTree = "<group>"; };
		278B96740F27FCDC002F3C54 /* CKFileTransferConnection.h */ = {isa = PBXFileReference; fileEncoding = 4; lastKnownFileType = sourcecode.c.h; path = CKFileTransferConnection.h; sourceTree = "<group>"; };
		278B96750F27FCDC002F3C54 /* CKFileTransferConnection.m */ = {isa = PBXFileReference; fileEncoding = 4; lastKnownFileType = sourcecode.c.objc; path = CKFileTransferConnection.m; sourceTree = "<group>"; };
		278B96780F27FCDD002F3C54 /* CKFSProtocol.h */ = {isa = PBXFileReference; fileEncoding = 4; lastKnownFileType = sourcecode.c.h; path = CKFSProtocol.h; sourceTree = "<group>"; };
		278B96790F27FCDD002F3C54 /* CKFSProtocol.m */ = {isa = PBXFileReference; fileEncoding = 4; lastKnownFileType = sourcecode.c.objc; path = CKFSProtocol.m; sourceTree = "<group>"; };
		278B978E0F28F136002F3C54 /* CKError.h */ = {isa = PBXFileReference; fileEncoding = 4; lastKnownFileType = sourcecode.c.h; path = CKError.h; sourceTree = "<group>"; };
		278B98720F29EC12002F3C54 /* CKLocalFileSystemProtocol.h */ = {isa = PBXFileReference; fileEncoding = 4; lastKnownFileType = sourcecode.c.h; path = CKLocalFileSystemProtocol.h; sourceTree = "<group>"; };
		278B98730F29EC12002F3C54 /* CKLocalFileSystemProtocol.m */ = {isa = PBXFileReference; fileEncoding = 4; lastKnownFileType = sourcecode.c.objc; path = CKLocalFileSystemProtocol.m; sourceTree = "<group>"; };
		278B99A40F2B66C4002F3C54 /* CKFileTransferConnection+Private.h */ = {isa = PBXFileReference; fileEncoding = 4; lastKnownFileType = sourcecode.c.h; path = "CKFileTransferConnection+Private.h"; sourceTree = "<group>"; };
		278B99C60F2B76AC002F3C54 /* CKConnectionAuthentication.h */ = {isa = PBXFileReference; fileEncoding = 4; lastKnownFileType = sourcecode.c.h; path = CKConnectionAuthentication.h; sourceTree = "<group>"; };
		278B99C70F2B76AC002F3C54 /* CKConnectionAuthentication.m */ = {isa = PBXFileReference; fileEncoding = 4; lastKnownFileType = sourcecode.c.objc; path = CKConnectionAuthentication.m; sourceTree = "<group>"; };
		278B99D20F2B77D3002F3C54 /* CKConnectionAuthentication+Internal.h */ = {isa = PBXFileReference; fileEncoding = 4; lastKnownFileType = sourcecode.c.h; path = "CKConnectionAuthentication+Internal.h"; sourceTree = "<group>"; };
		278F9A390F702FE4003B7645 /* CKHTTPConnection.h */ = {isa = PBXFileReference; fileEncoding = 4; lastKnownFileType = sourcecode.c.h; path = CKHTTPConnection.h; sourceTree = "<group>"; };
		278F9A3A0F702FE4003B7645 /* CKHTTPConnection.m */ = {isa = PBXFileReference; fileEncoding = 4; lastKnownFileType = sourcecode.c.objc; path = CKHTTPConnection.m; sourceTree = "<group>"; };
		279EF8D8100CFBEC003CF6E2 /* CKHTTPBasedProtocol.h */ = {isa = PBXFileReference; fileEncoding = 4; lastKnownFileType = sourcecode.c.h; path = CKHTTPBasedProtocol.h; sourceTree = "<group>"; };
		279EF8D9100CFBEC003CF6E2 /* CKHTTPBasedProtocol.m */ = {isa = PBXFileReference; fileEncoding = 4; lastKnownFileType = sourcecode.c.objc; path = CKHTTPBasedProtocol.m; sourceTree = "<group>"; };
		279EF999100D3F26003CF6E2 /* CKFileRequest.h */ = {isa = PBXFileReference; fileEncoding = 4; lastKnownFileType = sourcecode.c.h; path = CKFileRequest.h; sourceTree = "<group>"; };
		279EF99A100D3F26003CF6E2 /* CKFileRequest.m */ = {isa = PBXFileReference; fileEncoding = 4; lastKnownFileType = sourcecode.c.objc; path = CKFileRequest.m; sourceTree = "<group>"; };
		279EFA24100DE65D003CF6E2 /* CK_FileOperation.h */ = {isa = PBXFileReference; fileEncoding = 4; lastKnownFileType = sourcecode.c.h; path = CK_FileOperation.h; sourceTree = "<group>"; };
		279EFA25100DE65D003CF6E2 /* CK_FileOperation.m */ = {isa = PBXFileReference; fileEncoding = 4; lastKnownFileType = sourcecode.c.objc; path = CK_FileOperation.m; sourceTree = "<group>"; };
		279EFA32100DE753003CF6E2 /* CK_AsyncOperation.h */ = {isa = PBXFileReference; fileEncoding = 4; lastKnownFileType = sourcecode.c.h; path = CK_AsyncOperation.h; sourceTree = "<group>"; };
		279EFA33100DE753003CF6E2 /* CK_AsyncOperation.m */ = {isa = PBXFileReference; fileEncoding = 4; lastKnownFileType = sourcecode.c.objc; path = CK_AsyncOperation.m; sourceTree = "<group>"; };
		27B052A5100E1BA100338264 /* CK_FileTransferClient.h */ = {isa = PBXFileReference; fileEncoding = 4; lastKnownFileType = sourcecode.c.h; path = CK_FileTransferClient.h; sourceTree = "<group>"; };
		27B052A6100E1BA100338264 /* CK_FileTransferClient.m */ = {isa = PBXFileReference; fileEncoding = 4; lastKnownFileType = sourcecode.c.objc; path = CK_FileTransferClient.m; sourceTree = "<group>"; };
		27D1E90B0FEB04FF00DC6A84 /* CKFileTransferDelegate.h */ = {isa = PBXFileReference; fileEncoding = 4; lastKnownFileType = sourcecode.c.h; path = CKFileTransferDelegate.h; sourceTree = "<group>"; };
		27EF164A0FF7BB85000D52D1 /* CK_AmazonS3RESTOperation.h */ = {isa = PBXFileReference; fileEncoding = 4; lastKnownFileType = sourcecode.c.h; path = CK_AmazonS3RESTOperation.h; sourceTree = "<group>"; };
		27EF164B0FF7BB85000D52D1 /* CK_AmazonS3RESTOperation.m */ = {isa = PBXFileReference; fileEncoding = 4; lastKnownFileType = sourcecode.c.objc; path = CK_AmazonS3RESTOperation.m; sourceTree = "<group>"; };
		27F05A690F2BA0B200DB5FBA /* CKFTPProtocol.h */ = {isa = PBXFileReference; fileEncoding = 4; lastKnownFileType = sourcecode.c.h; path = CKFTPProtocol.h; sourceTree = "<group>"; };
		27F05A6A0F2BA0B200DB5FBA /* CKFTPProtocol.m */ = {isa = PBXFileReference; fileEncoding = 4; lastKnownFileType = sourcecode.c.objc; path = CKFTPProtocol.m; sourceTree = "<group>"; };
		27F05A6D0F2BA0D800DB5FBA /* CKSFTPProtocol.h */ = {isa = PBXFileReference; fileEncoding = 4; lastKnownFileType = sourcecode.c.h; path = CKSFTPProtocol.h; sourceTree = "<group>"; };
		27F05A6E0F2BA0D800DB5FBA /* CKSFTPProtocol.m */ = {isa = PBXFileReference; fileEncoding = 4; lastKnownFileType = sourcecode.c.objc; path = CKSFTPProtocol.m; sourceTree = "<group>"; };
		27FD82B21019E74E00C0EB4A /* CKAmazonS3Handle.h */ = {isa = PBXFileReference; fileEncoding = 4; lastKnownFileType = sourcecode.c.h; path = CKAmazonS3Handle.h; sourceTree = "<group>"; };
		27FD82B31019E74E00C0EB4A /* CKAmazonS3Handle.m */ = {isa = PBXFileReference; fileEncoding = 4; lastKnownFileType = sourcecode.c.objc; path = CKAmazonS3Handle.m; sourceTree = "<group>"; };
		27FD82CC101A01ED00C0EB4A /* CK_AmazonS3BucketInfoParser.h */ = {isa = PBXFileReference; fileEncoding = 4; lastKnownFileType = sourcecode.c.h; path = CK_AmazonS3BucketInfoParser.h; sourceTree = "<group>"; };
		27FD82CD101A01ED00C0EB4A /* CK_AmazonS3BucketInfoParser.m */ = {isa = PBXFileReference; fileEncoding = 4; lastKnownFileType = sourcecode.c.objc; path = CK_AmazonS3BucketInfoParser.m; sourceTree = "<group>"; };
		27FD82CE101A01ED00C0EB4A /* CK_AmazonS3ServiceInfoParser.h */ = {isa = PBXFileReference; fileEncoding = 4; lastKnownFileType = sourcecode.c.h; path = CK_AmazonS3ServiceInfoParser.h; sourceTree = "<group>"; };
		27FD82CF101A01ED00C0EB4A /* CK_AmazonS3ServiceInfoParser.m */ = {isa = PBXFileReference; fileEncoding = 4; lastKnownFileType = sourcecode.c.objc; path = CK_AmazonS3ServiceInfoParser.m; sourceTree = "<group>"; };
		27FD82D0101A01ED00C0EB4A /* CKAmazonS3FSProtocol.h */ = {isa = PBXFileReference; fileEncoding = 4; lastKnownFileType = sourcecode.c.h; path = CKAmazonS3FSProtocol.h; sourceTree = "<group>"; };
		27FD82D1101A01ED00C0EB4A /* CKAmazonS3FSProtocol.m */ = {isa = PBXFileReference; fileEncoding = 4; lastKnownFileType = sourcecode.c.objc; path = CKAmazonS3FSProtocol.m; sourceTree = "<group>"; };
		29B97316FDCFA39411CA2CEA /* main.m */ = {isa = PBXFileReference; fileEncoding = 4; lastKnownFileType = sourcecode.c.objc; path = main.m; sourceTree = "<group>"; };
		29B97324FDCFA39411CA2CEA /* AppKit.framework */ = {isa = PBXFileReference; lastKnownFileType = wrapper.framework; name = AppKit.framework; path = /System/Library/Frameworks/AppKit.framework; sourceTree = "<absolute>"; };
		29B97325FDCFA39411CA2CEA /* Foundation.framework */ = {isa = PBXFileReference; lastKnownFileType = wrapper.framework; name = Foundation.framework; path = /System/Library/Frameworks/Foundation.framework; sourceTree = "<absolute>"; };
		32CA4F630368D1EE00C91783 /* Connection_Prefix.pch */ = {isa = PBXFileReference; fileEncoding = 4; lastKnownFileType = sourcecode.c.h; path = Connection_Prefix.pch; sourceTree = "<group>"; };
		3C2A09C30D91B478002B8174 /* da */ = {isa = PBXFileReference; lastKnownFileType = wrapper.nib; name = da; path = da.lproj/Passphrase.nib; sourceTree = "<group>"; };
		3C2A09C60D91B485002B8174 /* de */ = {isa = PBXFileReference; lastKnownFileType = wrapper.nib; name = de; path = de.lproj/Passphrase.nib; sourceTree = "<group>"; };
		3C2A09C90D91B496002B8174 /* fr */ = {isa = PBXFileReference; lastKnownFileType = wrapper.nib; name = fr; path = fr.lproj/Passphrase.nib; sourceTree = "<group>"; };
		3C2A09CC0D91B4AD002B8174 /* it */ = {isa = PBXFileReference; lastKnownFileType = wrapper.nib; name = it; path = it.lproj/Passphrase.nib; sourceTree = "<group>"; };
		3C2A09CF0D91B4BE002B8174 /* ja */ = {isa = PBXFileReference; lastKnownFileType = wrapper.nib; name = ja; path = ja.lproj/Passphrase.nib; sourceTree = "<group>"; };
		3C2A09D20D91B4D7002B8174 /* zh_CN */ = {isa = PBXFileReference; lastKnownFileType = wrapper.nib; name = zh_CN; path = zh_CN.lproj/Passphrase.nib; sourceTree = "<group>"; };
		3C2A09D50D91B4E3002B8174 /* zh_TW */ = {isa = PBXFileReference; lastKnownFileType = wrapper.nib; name = zh_TW; path = zh_TW.lproj/Passphrase.nib; sourceTree = "<group>"; };
		3C2D8EC10A63FF31008FE1B0 /* zh_TW */ = {isa = PBXFileReference; fileEncoding = 10; lastKnownFileType = text.plist.strings; lineEnding = 0; name = zh_TW; path = zh_TW.lproj/Localizable.strings; sourceTree = "<group>"; };
		3C2D8EC20A63FF3B008FE1B0 /* fr */ = {isa = PBXFileReference; fileEncoding = 10; lastKnownFileType = text.plist.strings; lineEnding = 0; name = fr; path = fr.lproj/Localizable.strings; sourceTree = "<group>"; };
		3C2D8EC30A63FF41008FE1B0 /* da */ = {isa = PBXFileReference; fileEncoding = 10; lastKnownFileType = text.plist.strings; lineEnding = 0; name = da; path = da.lproj/Localizable.strings; sourceTree = "<group>"; };
		790999680CA8376B00A22156 /* gear_disabled.tiff */ = {isa = PBXFileReference; lastKnownFileType = image.tiff; path = gear_disabled.tiff; sourceTree = "<group>"; };
		790999690CA8376B00A22156 /* gear_normal.tiff */ = {isa = PBXFileReference; lastKnownFileType = image.tiff; path = gear_normal.tiff; sourceTree = "<group>"; };
		7909996A0CA8376B00A22156 /* gear_pressed.tiff */ = {isa = PBXFileReference; lastKnownFileType = image.tiff; path = gear_pressed.tiff; sourceTree = "<group>"; };
		79318F2E0CA9F3A1005C4AB6 /* gear.tiff */ = {isa = PBXFileReference; lastKnownFileType = image.tiff; path = gear.tiff; sourceTree = "<group>"; };
		79420F510C94EDAD0002B99D /* browser_resizer.tiff */ = {isa = PBXFileReference; lastKnownFileType = image.tiff; path = browser_resizer.tiff; sourceTree = "<group>"; };
		794213E50C961B510002B99D /* container_triangle_selected.tiff */ = {isa = PBXFileReference; lastKnownFileType = image.tiff; path = container_triangle_selected.tiff; sourceTree = "<group>"; };
		794213E60C961B510002B99D /* container_triangle.tiff */ = {isa = PBXFileReference; lastKnownFileType = image.tiff; path = container_triangle.tiff; sourceTree = "<group>"; };
		794EFDD10A5CD6CA00913151 /* libcrypto.dylib */ = {isa = PBXFileReference; lastKnownFileType = "compiled.mach-o.dylib"; name = libcrypto.dylib; path = /usr/lib/libcrypto.dylib; sourceTree = "<absolute>"; };
		794EFDD40A5CD6F900913151 /* libssl.dylib */ = {isa = PBXFileReference; lastKnownFileType = "compiled.mach-o.dylib"; name = libssl.dylib; path = /usr/lib/libssl.dylib; sourceTree = "<absolute>"; };
		795FF4F10B0C013200EA9292 /* DropletHelper.app */ = {isa = PBXFileReference; explicitFileType = wrapper.application; includeInIndex = 0; path = DropletHelper.app; sourceTree = BUILT_PRODUCTS_DIR; };
		795FF4F30B0C013200EA9292 /* DropletHelper-Info.plist */ = {isa = PBXFileReference; lastKnownFileType = text.plist.xml; path = "DropletHelper-Info.plist"; sourceTree = "<group>"; };
		795FF5010B0C018100EA9292 /* DropletMain.m */ = {isa = PBXFileReference; fileEncoding = 4; lastKnownFileType = sourcecode.c.objc; path = DropletMain.m; sourceTree = "<group>"; };
		795FF5060B0C048700EA9292 /* en */ = {isa = PBXFileReference; lastKnownFileType = wrapper.nib; name = en; path = en.lproj/Droplet.nib; sourceTree = "<group>"; };
		795FF50C0B0C05F400EA9292 /* DropletController.m */ = {isa = PBXFileReference; fileEncoding = 30; lastKnownFileType = sourcecode.c.objc; path = DropletController.m; sourceTree = "<group>"; };
		795FF50D0B0C05F400EA9292 /* DropletController.h */ = {isa = PBXFileReference; fileEncoding = 30; lastKnownFileType = sourcecode.c.h; path = DropletController.h; sourceTree = "<group>"; };
		796DB2F609F8BB1D0065897B /* SecurityInterface.framework */ = {isa = PBXFileReference; lastKnownFileType = wrapper.framework; name = SecurityInterface.framework; path = /System/Library/Frameworks/SecurityInterface.framework; sourceTree = "<absolute>"; };
		7978FC140B117D7C0048168B /* bookmark.tif */ = {isa = PBXFileReference; lastKnownFileType = image.tiff; path = bookmark.tif; sourceTree = "<group>"; };
		797CC8C609F861770063FF9B /* en */ = {isa = PBXFileReference; fileEncoding = 10; lastKnownFileType = text.plist.strings; lineEnding = 0; name = en; path = en.lproj/Localizable.strings; sourceTree = "<group>"; };
		7981F6C30A05F6D2004D775D /* FileConnectionTest.h */ = {isa = PBXFileReference; fileEncoding = 4; lastKnownFileType = sourcecode.c.h; path = FileConnectionTest.h; sourceTree = "<group>"; };
		7981F6C40A05F6D2004D775D /* FileConnectionTest.m */ = {isa = PBXFileReference; fileEncoding = 4; lastKnownFileType = sourcecode.c.objc; path = FileConnectionTest.m; sourceTree = "<group>"; };
		7981F6C50A05F6D2004D775D /* FTPConnectionTest.h */ = {isa = PBXFileReference; fileEncoding = 4; lastKnownFileType = sourcecode.c.h; path = FTPConnectionTest.h; sourceTree = "<group>"; };
		7981F6C60A05F6D2004D775D /* FTPConnectionTest.m */ = {isa = PBXFileReference; fileEncoding = 4; lastKnownFileType = sourcecode.c.objc; path = FTPConnectionTest.m; sourceTree = "<group>"; };
		7981F6F30A06006E004D775D /* WebDAVConnectionTest.h */ = {isa = PBXFileReference; fileEncoding = 4; lastKnownFileType = sourcecode.c.h; path = WebDAVConnectionTest.h; sourceTree = "<group>"; };
		7981F6F40A06006E004D775D /* WebDAVConnectionTest.m */ = {isa = PBXFileReference; fileEncoding = 4; lastKnownFileType = sourcecode.c.objc; path = WebDAVConnectionTest.m; sourceTree = "<group>"; };
		7981F6F80A060084004D775D /* DotMacConnectionTest.h */ = {isa = PBXFileReference; fileEncoding = 4; lastKnownFileType = sourcecode.c.h; path = DotMacConnectionTest.h; sourceTree = "<group>"; };
		7981F6F90A060084004D775D /* DotMacConnectionTest.m */ = {isa = PBXFileReference; fileEncoding = 4; lastKnownFileType = sourcecode.c.objc; path = DotMacConnectionTest.m; sourceTree = "<group>"; };
		798300060B0D4A2600F5078E /* en */ = {isa = PBXFileReference; lastKnownFileType = wrapper.nib; name = en; path = en.lproj/DropletLauncher.nib; sourceTree = "<group>"; };
		7983E0930B0C1A8500F5078E /* DropletOutlineView.h */ = {isa = PBXFileReference; fileEncoding = 4; lastKnownFileType = sourcecode.c.h; path = DropletOutlineView.h; sourceTree = "<group>"; };
		7983E0940B0C1A8500F5078E /* DropletOutlineView.m */ = {isa = PBXFileReference; fileEncoding = 4; lastKnownFileType = sourcecode.c.objc; path = DropletOutlineView.m; sourceTree = "<group>"; };
		7983E6730B0C41E300F5078E /* DropletLauncher.m */ = {isa = PBXFileReference; fileEncoding = 4; lastKnownFileType = sourcecode.c.objc; path = DropletLauncher.m; sourceTree = "<group>"; };
		7983E6CB0B0C4D8800F5078E /* DropletIcon.icns */ = {isa = PBXFileReference; lastKnownFileType = image.icns; path = DropletIcon.icns; sourceTree = "<group>"; };
		7983E6D20B0C4DF000F5078E /* DropletLauncher */ = {isa = PBXFileReference; explicitFileType = "compiled.mach-o.executable"; includeInIndex = 0; path = DropletLauncher; sourceTree = BUILT_PRODUCTS_DIR; };
		7983F3EC0B0D1B8B00F5078E /* DropletPanel.h */ = {isa = PBXFileReference; fileEncoding = 4; lastKnownFileType = sourcecode.c.h; path = DropletPanel.h; sourceTree = "<group>"; };
		7983F3ED0B0D1B8B00F5078E /* DropletPanel.m */ = {isa = PBXFileReference; fileEncoding = 4; lastKnownFileType = sourcecode.c.objc; path = DropletPanel.m; sourceTree = "<group>"; };
		79906BAD0B1175A800FE9681 /* host.png */ = {isa = PBXFileReference; lastKnownFileType = image.png; path = host.png; sourceTree = "<group>"; };
		79906BAE0B1175A800FE9681 /* bonjour.png */ = {isa = PBXFileReference; lastKnownFileType = image.png; path = bonjour.png; sourceTree = "<group>"; };
		799174960C83962D00EFFC79 /* en */ = {isa = PBXFileReference; lastKnownFileType = wrapper.nib; name = en; path = en.lproj/CKDirectoryTree.nib; sourceTree = "<group>"; };
		79B09AA10C85CDFD00E7F1CC /* history_forward.tiff */ = {isa = PBXFileReference; lastKnownFileType = image.tiff; path = history_forward.tiff; sourceTree = "<group>"; };
		79B09AA20C85CDFD00E7F1CC /* history_back.tiff */ = {isa = PBXFileReference; lastKnownFileType = image.tiff; path = history_back.tiff; sourceTree = "<group>"; };
		79B09AA30C85CDFD00E7F1CC /* column_mode.tiff */ = {isa = PBXFileReference; lastKnownFileType = image.tiff; path = column_mode.tiff; sourceTree = "<group>"; };
		79B09AA40C85CDFD00E7F1CC /* list_mode.tiff */ = {isa = PBXFileReference; lastKnownFileType = image.tiff; path = list_mode.tiff; sourceTree = "<group>"; };
		79B09AA50C85CDFD00E7F1CC /* icon_mode.tiff */ = {isa = PBXFileReference; lastKnownFileType = image.tiff; path = icon_mode.tiff; sourceTree = "<group>"; };
		79CFD12609F702BE00172CDD /* ConnectionKit.framework */ = {isa = PBXFileReference; explicitFileType = wrapper.framework; includeInIndex = 0; path = ConnectionKit.framework; sourceTree = BUILT_PRODUCTS_DIR; };
		79CFD89409F704F400172CDD /* ConnectionKit.h */ = {isa = PBXFileReference; fileEncoding = 4; lastKnownFileType = sourcecode.c.h; path = ConnectionKit.h; sourceTree = "<group>"; };
		79CFD8C709F7069100172CDD /* en */ = {isa = PBXFileReference; lastKnownFileType = wrapper.nib; name = en; path = en.lproj/ConnectionOpenPanel.nib; sourceTree = "<group>"; };
		79CFD8C909F706B000172CDD /* fr */ = {isa = PBXFileReference; lastKnownFileType = wrapper.nib; name = fr; path = fr.lproj/ConnectionOpenPanel.nib; sourceTree = "<group>"; };
		79CFD92C09F7080B00172CDD /* libcurl.dylib */ = {isa = PBXFileReference; lastKnownFileType = "compiled.mach-o.dylib"; name = libcurl.dylib; path = /usr/lib/libcurl.dylib; sourceTree = "<absolute>"; };
		79CFD92D09F7080B00172CDD /* libz.dylib */ = {isa = PBXFileReference; lastKnownFileType = "compiled.mach-o.dylib"; name = libz.dylib; path = /usr/lib/libz.dylib; sourceTree = "<absolute>"; };
		79CFD93609F7084000172CDD /* Security.framework */ = {isa = PBXFileReference; lastKnownFileType = wrapper.framework; name = Security.framework; path = /System/Library/Frameworks/Security.framework; sourceTree = "<absolute>"; };
		79F9532B09FDC3A80041E345 /* ApplicationServices.framework */ = {isa = PBXFileReference; lastKnownFileType = wrapper.framework; name = ApplicationServices.framework; path = /System/Library/Frameworks/ApplicationServices.framework; sourceTree = "<absolute>"; };
		79FB807109F74185006E7D11 /* Carbon.framework */ = {isa = PBXFileReference; lastKnownFileType = wrapper.framework; name = Carbon.framework; path = /System/Library/Frameworks/Carbon.framework; sourceTree = "<absolute>"; };
		CE0180830DB6C72E003E008B /* fr */ = {isa = PBXFileReference; lastKnownFileType = wrapper.nib; name = fr; path = fr.lproj/CKDirectoryTree.nib; sourceTree = "<group>"; };
		CE1AD3DE0A7E845A0083C01E /* it */ = {isa = PBXFileReference; lastKnownFileType = wrapper.nib; name = it; path = it.lproj/ConnectionOpenPanel.nib; sourceTree = "<group>"; };
		CE1AD3DF0A7E845A0083C01E /* it */ = {isa = PBXFileReference; fileEncoding = 10; lastKnownFileType = text.plist.strings; lineEnding = 0; name = it; path = it.lproj/Localizable.strings; sourceTree = "<group>"; };
		CE55A6600AD194740091C8AE /* zh_CN */ = {isa = PBXFileReference; lastKnownFileType = wrapper.nib; name = zh_CN; path = zh_CN.lproj/ConnectionOpenPanel.nib; sourceTree = "<group>"; };
		CE55A6620AD194740091C8AE /* zh_CN */ = {isa = PBXFileReference; fileEncoding = 10; lastKnownFileType = text.plist.strings; lineEnding = 0; name = zh_CN; path = zh_CN.lproj/Localizable.strings; sourceTree = "<group>"; };
		CE9795FC0EC3CF9600FA9C5F /* Framework-Info.plist */ = {isa = PBXFileReference; fileEncoding = 4; lastKnownFileType = text.plist.xml; path = "Framework-Info.plist"; sourceTree = "<group>"; };
		CEA9AFD10A64223000855897 /* ja */ = {isa = PBXFileReference; lastKnownFileType = wrapper.nib; name = ja; path = ja.lproj/ConnectionOpenPanel.nib; sourceTree = "<group>"; };
		CEA9AFD30A64224100855897 /* ja */ = {isa = PBXFileReference; fileEncoding = 10; lastKnownFileType = text.plist.strings; lineEnding = 0; name = ja; path = ja.lproj/Localizable.strings; sourceTree = "<group>"; };
		CEB563840A7AB7070081179A /* de */ = {isa = PBXFileReference; lastKnownFileType = wrapper.nib; name = de; path = de.lproj/ConnectionOpenPanel.nib; sourceTree = "<group>"; };
		CEB563850A7AB7070081179A /* de */ = {isa = PBXFileReference; fileEncoding = 10; lastKnownFileType = text.plist.strings; lineEnding = 0; name = de; path = de.lproj/Localizable.strings; sourceTree = "<group>"; };
		CEBC056A0DB94446001BF0DF /* da */ = {isa = PBXFileReference; lastKnownFileType = wrapper.nib; name = da; path = da.lproj/CKDirectoryTree.nib; sourceTree = "<group>"; };
		CEBC056E0DB94548001BF0DF /* de */ = {isa = PBXFileReference; lastKnownFileType = wrapper.nib; name = de; path = de.lproj/CKDirectoryTree.nib; sourceTree = "<group>"; };
		CEBC056F0DB94553001BF0DF /* it */ = {isa = PBXFileReference; lastKnownFileType = wrapper.nib; name = it; path = it.lproj/CKDirectoryTree.nib; sourceTree = "<group>"; };
		CEBC05700DB9455A001BF0DF /* ja */ = {isa = PBXFileReference; lastKnownFileType = wrapper.nib; name = ja; path = ja.lproj/CKDirectoryTree.nib; sourceTree = "<group>"; };
		CEBC05710DB9455F001BF0DF /* zh_CN */ = {isa = PBXFileReference; lastKnownFileType = wrapper.nib; name = zh_CN; path = zh_CN.lproj/CKDirectoryTree.nib; sourceTree = "<group>"; };
		CEBC05720DB94567001BF0DF /* zh_TW */ = {isa = PBXFileReference; lastKnownFileType = wrapper.nib; name = zh_TW; path = zh_TW.lproj/CKDirectoryTree.nib; sourceTree = "<group>"; };
		CEDE18DD0A5C69BC0055352C /* zh_TW */ = {isa = PBXFileReference; lastKnownFileType = wrapper.nib; name = zh_TW; path = zh_TW.lproj/ConnectionOpenPanel.nib; sourceTree = "<group>"; };
		CEDE18DE0A5C69BE0055352C /* da */ = {isa = PBXFileReference; lastKnownFileType = wrapper.nib; name = da; path = da.lproj/ConnectionOpenPanel.nib; sourceTree = "<group>"; };
		CEF894CF0BD72A45002886AA /* da */ = {isa = PBXFileReference; lastKnownFileType = wrapper.nib; name = da; path = da.lproj/DropletLauncher.nib; sourceTree = "<group>"; };
		CEF894E90BD72A55002886AA /* de */ = {isa = PBXFileReference; lastKnownFileType = wrapper.nib; name = de; path = de.lproj/DropletLauncher.nib; sourceTree = "<group>"; };
		CEF894EE0BD72A5C002886AA /* fr */ = {isa = PBXFileReference; lastKnownFileType = wrapper.nib; name = fr; path = fr.lproj/DropletLauncher.nib; sourceTree = "<group>"; };
		CEF894F30BD72A62002886AA /* it */ = {isa = PBXFileReference; lastKnownFileType = wrapper.nib; name = it; path = it.lproj/DropletLauncher.nib; sourceTree = "<group>"; };
		CEF894F80BD72A6A002886AA /* ja */ = {isa = PBXFileReference; lastKnownFileType = wrapper.nib; name = ja; path = ja.lproj/DropletLauncher.nib; sourceTree = "<group>"; };
		CEF894FD0BD72A70002886AA /* zh_CN */ = {isa = PBXFileReference; lastKnownFileType = wrapper.nib; name = zh_CN; path = zh_CN.lproj/DropletLauncher.nib; sourceTree = "<group>"; };
		CEF895020BD72A76002886AA /* zh_TW */ = {isa = PBXFileReference; lastKnownFileType = wrapper.nib; name = zh_TW; path = zh_TW.lproj/DropletLauncher.nib; sourceTree = "<group>"; };
		D3053AAC0DE60D6B008646CE /* libicucore.A.dylib */ = {isa = PBXFileReference; lastKnownFileType = "compiled.mach-o.dylib"; name = libicucore.A.dylib; path = /usr/lib/libicucore.A.dylib; sourceTree = "<absolute>"; };
		D3A2B7A20D90A2E2002F02EF /* en */ = {isa = PBXFileReference; lastKnownFileType = wrapper.nib; name = en; path = en.lproj/Passphrase.nib; sourceTree = "<group>"; };
		D3F1D2FF0D3BFF6A008F6C35 /* AquaFolder.png */ = {isa = PBXFileReference; lastKnownFileType = image.png; path = AquaFolder.png; sourceTree = "<group>"; };
		D3F1D3020D3BFF72008F6C35 /* LeopardFolder.tiff */ = {isa = PBXFileReference; lastKnownFileType = image.tiff; path = LeopardFolder.tiff; sourceTree = "<group>"; };
/* End PBXFileReference section */

/* Begin PBXFrameworksBuildPhase section */
		09D6601A09FD37990000BA00 /* Frameworks */ = {
			isa = PBXFrameworksBuildPhase;
			buildActionMask = 2147483647;
			files = (
				09D6603A09FD37CD0000BA00 /* ConnectionKit.framework in Frameworks */,
			);
			runOnlyForDeploymentPostprocessing = 0;
		};
		795FF4EF0B0C013200EA9292 /* Frameworks */ = {
			isa = PBXFrameworksBuildPhase;
			buildActionMask = 2147483647;
			files = (
				7983E24B0B0C245100F5078E /* Cocoa.framework in Frameworks */,
				7983E2310B0C244700F5078E /* ConnectionKit.framework in Frameworks */,
			);
			runOnlyForDeploymentPostprocessing = 0;
		};
		7983E6D00B0C4DF000F5078E /* Frameworks */ = {
			isa = PBXFrameworksBuildPhase;
			buildActionMask = 2147483647;
			files = (
				7983E7000B0C4E2800F5078E /* Cocoa.framework in Frameworks */,
			);
			runOnlyForDeploymentPostprocessing = 0;
		};
		79CFD12409F702BE00172CDD /* Frameworks */ = {
			isa = PBXFrameworksBuildPhase;
			buildActionMask = 2147483647;
			files = (
				79CFD92F09F7080B00172CDD /* libz.dylib in Frameworks */,
				79CFD93709F7084000172CDD /* Security.framework in Frameworks */,
				79FB807209F74185006E7D11 /* Carbon.framework in Frameworks */,
				79F9533D09FDC3A80041E345 /* ApplicationServices.framework in Frameworks */,
				794EFDD20A5CD6CA00913151 /* libcrypto.dylib in Frameworks */,
				794EFDD50A5CD6F900913151 /* libssl.dylib in Frameworks */,
				D3053AAD0DE60D6B008646CE /* libicucore.A.dylib in Frameworks */,
			);
			runOnlyForDeploymentPostprocessing = 0;
		};
/* End PBXFrameworksBuildPhase section */

/* Begin PBXGroup section */
		080E96DDFE201D6D7F000001 /* Framework */ = {
			isa = PBXGroup;
			children = (
				79CFD89409F704F400172CDD /* ConnectionKit.h */,
				278B99990F2B5FC5002F3C54 /* Utilities */,
				278B965D0F27FB3E002F3C54 /* File Transfer */,
				27709AC90F74136F0037DF12 /* HTTP */,
			);
			name = Framework;
			sourceTree = "<group>";
		};
		09D6602E09FD37B70000BA00 /* Unit Tests */ = {
			isa = PBXGroup;
			children = (
				09D6603009FD37B70000BA00 /* AbstractConnectionTest.h */,
				09D6603109FD37B70000BA00 /* AbstractConnectionTest.m */,
				7981F6C30A05F6D2004D775D /* FileConnectionTest.h */,
				7981F6C40A05F6D2004D775D /* FileConnectionTest.m */,
				7981F6C50A05F6D2004D775D /* FTPConnectionTest.h */,
				7981F6C60A05F6D2004D775D /* FTPConnectionTest.m */,
				09D6603409FD37B70000BA00 /* SFTPConnectionTest.h */,
				09D6603509FD37B70000BA00 /* SFTPConnectionTest.m */,
				7981F6F80A060084004D775D /* DotMacConnectionTest.h */,
				7981F6F90A060084004D775D /* DotMacConnectionTest.m */,
				7981F6F30A06006E004D775D /* WebDAVConnectionTest.h */,
				7981F6F40A06006E004D775D /* WebDAVConnectionTest.m */,
			);
			name = "Unit Tests";
			path = "unit test";
			sourceTree = "<group>";
		};
		1058C7A0FEA54F0111CA2CBB /* Linked Frameworks */ = {
			isa = PBXGroup;
			children = (
				D3053AAC0DE60D6B008646CE /* libicucore.A.dylib */,
				794EFDD40A5CD6F900913151 /* libssl.dylib */,
				794EFDD10A5CD6CA00913151 /* libcrypto.dylib */,
				79F9532B09FDC3A80041E345 /* ApplicationServices.framework */,
				796DB2F609F8BB1D0065897B /* SecurityInterface.framework */,
				79FB807109F74185006E7D11 /* Carbon.framework */,
				79CFD93609F7084000172CDD /* Security.framework */,
				79CFD92C09F7080B00172CDD /* libcurl.dylib */,
				79CFD92D09F7080B00172CDD /* libz.dylib */,
				1058C7A1FEA54F0111CA2CBB /* Cocoa.framework */,
			);
			name = "Linked Frameworks";
			sourceTree = "<group>";
		};
		1058C7A2FEA54F0111CA2CBB /* Other Frameworks */ = {
			isa = PBXGroup;
			children = (
				29B97324FDCFA39411CA2CEA /* AppKit.framework */,
				13E42FB307B3F0F600E4EEF1 /* CoreData.framework */,
				29B97325FDCFA39411CA2CEA /* Foundation.framework */,
			);
			name = "Other Frameworks";
			sourceTree = "<group>";
		};
		19C28FACFE9D520D11CA2CBB /* Products */ = {
			isa = PBXGroup;
			children = (
				79CFD12609F702BE00172CDD /* ConnectionKit.framework */,
				09D6601D09FD37990000BA00 /* UnitTest.octest */,
				795FF4F10B0C013200EA9292 /* DropletHelper.app */,
				7983E6D20B0C4DF000F5078E /* DropletLauncher */,
			);
			name = Products;
			sourceTree = "<group>";
		};
		2714CC77100F3FC80049F116 /* General */ = {
			isa = PBXGroup;
			children = (
				279EF8D8100CFBEC003CF6E2 /* CKHTTPBasedProtocol.h */,
				279EF8D9100CFBEC003CF6E2 /* CKHTTPBasedProtocol.m */,
				278B96780F27FCDD002F3C54 /* CKFSProtocol.h */,
				278B96790F27FCDD002F3C54 /* CKFSProtocol.m */,
			);
			name = General;
			sourceTree = "<group>";
		};
		2714CC78100F3FFB0049F116 /* S3 */ = {
			isa = PBXGroup;
			children = (
				27FD82CC101A01ED00C0EB4A /* CK_AmazonS3BucketInfoParser.h */,
				27FD82CD101A01ED00C0EB4A /* CK_AmazonS3BucketInfoParser.m */,
				27FD82CE101A01ED00C0EB4A /* CK_AmazonS3ServiceInfoParser.h */,
				27FD82CF101A01ED00C0EB4A /* CK_AmazonS3ServiceInfoParser.m */,
				27FD82D0101A01ED00C0EB4A /* CKAmazonS3FSProtocol.h */,
				27FD82D1101A01ED00C0EB4A /* CKAmazonS3FSProtocol.m */,
				27FD82B21019E74E00C0EB4A /* CKAmazonS3Handle.h */,
				27FD82B31019E74E00C0EB4A /* CKAmazonS3Handle.m */,
				27774F610FF3E8AC00CEFCA2 /* CKAmazonS3Protocol.h */,
				27774F620FF3E8AC00CEFCA2 /* CKAmazonS3Protocol.m */,
				27EF164A0FF7BB85000D52D1 /* CK_AmazonS3RESTOperation.h */,
				27EF164B0FF7BB85000D52D1 /* CK_AmazonS3RESTOperation.m */,
			);
			name = S3;
			sourceTree = "<group>";
		};
		2714CC79100F40020049F116 /* WebDAV */ = {
			isa = PBXGroup;
			children = (
				278B96680F27FC18002F3C54 /* CKWebDAVProtocol.h */,
				278B96690F27FC18002F3C54 /* CKWebDAVProtocol.m */,
			);
			name = WebDAV;
			sourceTree = "<group>";
		};
		2714CC7A100F400A0049F116 /* SFTP */ = {
			isa = PBXGroup;
			children = (
				27F05A6D0F2BA0D800DB5FBA /* CKSFTPProtocol.h */,
				27F05A6E0F2BA0D800DB5FBA /* CKSFTPProtocol.m */,
			);
			name = SFTP;
			sourceTree = "<group>";
		};
		2714CC7B100F400F0049F116 /* FTP */ = {
			isa = PBXGroup;
			children = (
				27F05A690F2BA0B200DB5FBA /* CKFTPProtocol.h */,
				27F05A6A0F2BA0B200DB5FBA /* CKFTPProtocol.m */,
			);
			name = FTP;
			sourceTree = "<group>";
		};
		2714CC7C100F40280049F116 /* Local */ = {
			isa = PBXGroup;
			children = (
				278B98720F29EC12002F3C54 /* CKLocalFileSystemProtocol.h */,
				278B98730F29EC12002F3C54 /* CKLocalFileSystemProtocol.m */,
			);
			name = Local;
			sourceTree = "<group>";
		};
		2753CC780FECD7E00017A782 /* Connection */ = {
			isa = PBXGroup;
			children = (
				278B96740F27FCDC002F3C54 /* CKFileTransferConnection.h */,
				278B96750F27FCDC002F3C54 /* CKFileTransferConnection.m */,
				278B99A40F2B66C4002F3C54 /* CKFileTransferConnection+Private.h */,
				27D1E90B0FEB04FF00DC6A84 /* CKFileTransferDelegate.h */,
				270B9B820FF3AAB300DC1DAA /* CKFSItemInfo.h */,
				270B9B830FF3AAB300DC1DAA /* CKFSItemInfo.m */,
				279EF999100D3F26003CF6E2 /* CKFileRequest.h */,
				279EF99A100D3F26003CF6E2 /* CKFileRequest.m */,
				279EFA24100DE65D003CF6E2 /* CK_FileOperation.h */,
				279EFA25100DE65D003CF6E2 /* CK_FileOperation.m */,
				27B052A5100E1BA100338264 /* CK_FileTransferClient.h */,
				27B052A6100E1BA100338264 /* CK_FileTransferClient.m */,
				2745C07A100F495C00AB2F29 /* CKFSProtocolThread.h */,
				2745C07B100F495C00AB2F29 /* CKFSProtocolThread.m */,
			);
			name = Connection;
			sourceTree = "<group>";
		};
		27709AC90F74136F0037DF12 /* HTTP */ = {
			isa = PBXGroup;
			children = (
				278F9A390F702FE4003B7645 /* CKHTTPConnection.h */,
				278F9A3A0F702FE4003B7645 /* CKHTTPConnection.m */,
			);
			name = HTTP;
			sourceTree = "<group>";
		};
		278B965D0F27FB3E002F3C54 /* File Transfer */ = {
			isa = PBXGroup;
			children = (
				2740EE3E0FE9AFF60081C416 /* Connection architecture overview.graffle */,
				2753CC780FECD7E00017A782 /* Connection */,
				278B965E0F27FB82002F3C54 /* Protocols */,
			);
			name = "File Transfer";
			sourceTree = "<group>";
		};
		278B965E0F27FB82002F3C54 /* Protocols */ = {
			isa = PBXGroup;
			children = (
				2714CC77100F3FC80049F116 /* General */,
				2714CC7B100F400F0049F116 /* FTP */,
				2714CC7A100F400A0049F116 /* SFTP */,
				2714CC79100F40020049F116 /* WebDAV */,
				2714CC78100F3FFB0049F116 /* S3 */,
				2714CC7C100F40280049F116 /* Local */,
			);
			name = Protocols;
			sourceTree = "<group>";
		};
		278B99990F2B5FC5002F3C54 /* Utilities */ = {
			isa = PBXGroup;
			children = (
				2745C062100F470300AB2F29 /* NSString+Connection.h */,
				2745C063100F470300AB2F29 /* NSString+Connection.m */,
				278B978E0F28F136002F3C54 /* CKError.h */,
				278B99C60F2B76AC002F3C54 /* CKConnectionAuthentication.h */,
				278B99C70F2B76AC002F3C54 /* CKConnectionAuthentication.m */,
				278B99D20F2B77D3002F3C54 /* CKConnectionAuthentication+Internal.h */,
				2740ED080FE94CD90081C416 /* CKThreadProxy.h */,
				2740ED090FE94CD90081C416 /* CKThreadProxy.m */,
				279EFA32100DE753003CF6E2 /* CK_AsyncOperation.h */,
				279EFA33100DE753003CF6E2 /* CK_AsyncOperation.m */,
			);
			name = Utilities;
			sourceTree = "<group>";
		};
		29B97314FDCFA39411CA2CEA /* Connection */ = {
			isa = PBXGroup;
			children = (
				080E96DDFE201D6D7F000001 /* Framework */,
				09D6602E09FD37B70000BA00 /* Unit Tests */,
				795FF4EA0B0C00FF00EA9292 /* Droplet */,
				29B97315FDCFA39411CA2CEA /* Other Sources */,
				29B97317FDCFA39411CA2CEA /* Resources */,
				29B97323FDCFA39411CA2CEA /* Frameworks */,
				19C28FACFE9D520D11CA2CBB /* Products */,
			);
			name = Connection;
			sourceTree = "<group>";
		};
		29B97315FDCFA39411CA2CEA /* Other Sources */ = {
			isa = PBXGroup;
			children = (
				32CA4F630368D1EE00C91783 /* Connection_Prefix.pch */,
				29B97316FDCFA39411CA2CEA /* main.m */,
			);
			name = "Other Sources";
			sourceTree = "<group>";
		};
		29B97317FDCFA39411CA2CEA /* Resources */ = {
			isa = PBXGroup;
			children = (
				797CC8C509F861770063FF9B /* Localizable.strings */,
				79CFD8E709F7072100172CDD /* Interfaces */,
				79CFD8E409F7071E00172CDD /* Images */,
				09D6601E09FD37990000BA00 /* UnitTest-Info.plist */,
				CE9795FC0EC3CF9600FA9C5F /* Framework-Info.plist */,
			);
			name = Resources;
			sourceTree = "<group>";
		};
		29B97323FDCFA39411CA2CEA /* Frameworks */ = {
			isa = PBXGroup;
			children = (
				1058C7A0FEA54F0111CA2CBB /* Linked Frameworks */,
				1058C7A2FEA54F0111CA2CBB /* Other Frameworks */,
			);
			name = Frameworks;
			sourceTree = "<group>";
		};
		795FF4EA0B0C00FF00EA9292 /* Droplet */ = {
			isa = PBXGroup;
			children = (
				7983E6CB0B0C4D8800F5078E /* DropletIcon.icns */,
				795FF50D0B0C05F400EA9292 /* DropletController.h */,
				795FF50C0B0C05F400EA9292 /* DropletController.m */,
				795FF5010B0C018100EA9292 /* DropletMain.m */,
				795FF4F30B0C013200EA9292 /* DropletHelper-Info.plist */,
				7983E0930B0C1A8500F5078E /* DropletOutlineView.h */,
				7983E0940B0C1A8500F5078E /* DropletOutlineView.m */,
				7983E6730B0C41E300F5078E /* DropletLauncher.m */,
				798300050B0D4A2600F5078E /* DropletLauncher.nib */,
				795FF5050B0C048700EA9292 /* Droplet.nib */,
				7983F3EC0B0D1B8B00F5078E /* DropletPanel.h */,
				7983F3ED0B0D1B8B00F5078E /* DropletPanel.m */,
			);
			name = Droplet;
			sourceTree = "<group>";
		};
		79CFD8E409F7071E00172CDD /* Images */ = {
			isa = PBXGroup;
			children = (
				D3F1D3020D3BFF72008F6C35 /* LeopardFolder.tiff */,
				D3F1D2FF0D3BFF6A008F6C35 /* AquaFolder.png */,
				79318F2E0CA9F3A1005C4AB6 /* gear.tiff */,
				790999680CA8376B00A22156 /* gear_disabled.tiff */,
				790999690CA8376B00A22156 /* gear_normal.tiff */,
				7909996A0CA8376B00A22156 /* gear_pressed.tiff */,
				794213E50C961B510002B99D /* container_triangle_selected.tiff */,
				794213E60C961B510002B99D /* container_triangle.tiff */,
				79420F510C94EDAD0002B99D /* browser_resizer.tiff */,
				79B09AA10C85CDFD00E7F1CC /* history_forward.tiff */,
				79B09AA20C85CDFD00E7F1CC /* history_back.tiff */,
				79B09AA30C85CDFD00E7F1CC /* column_mode.tiff */,
				79B09AA40C85CDFD00E7F1CC /* list_mode.tiff */,
				79B09AA50C85CDFD00E7F1CC /* icon_mode.tiff */,
				7978FC140B117D7C0048168B /* bookmark.tif */,
				79906BAD0B1175A800FE9681 /* host.png */,
				79906BAE0B1175A800FE9681 /* bonjour.png */,
			);
			name = Images;
			sourceTree = "<group>";
		};
		79CFD8E709F7072100172CDD /* Interfaces */ = {
			isa = PBXGroup;
			children = (
				79CFD8C609F7069100172CDD /* ConnectionOpenPanel.nib */,
				799174950C83962D00EFFC79 /* CKDirectoryTree.nib */,
				D3A2B7A10D90A2E2002F02EF /* Passphrase.nib */,
			);
			name = Interfaces;
			sourceTree = "<group>";
		};
/* End PBXGroup section */

/* Begin PBXHeadersBuildPhase section */
		79CFD12109F702BE00172CDD /* Headers */ = {
			isa = PBXHeadersBuildPhase;
			buildActionMask = 2147483647;
			files = (
				79CFD89509F704F400172CDD /* ConnectionKit.h in Headers */,
				278B966A0F27FC18002F3C54 /* CKWebDAVProtocol.h in Headers */,
				278B967E0F27FCDE002F3C54 /* CKFileTransferConnection.h in Headers */,
				278B96820F27FCDE002F3C54 /* CKFSProtocol.h in Headers */,
				278B978F0F28F136002F3C54 /* CKError.h in Headers */,
				278B98740F29EC12002F3C54 /* CKLocalFileSystemProtocol.h in Headers */,
				278B99A60F2B66C4002F3C54 /* CKFileTransferConnection+Private.h in Headers */,
				278B99C80F2B76AC002F3C54 /* CKConnectionAuthentication.h in Headers */,
				278B99D30F2B77D3002F3C54 /* CKConnectionAuthentication+Internal.h in Headers */,
				27F05A6B0F2BA0B200DB5FBA /* CKFTPProtocol.h in Headers */,
				27F05A6F0F2BA0D800DB5FBA /* CKSFTPProtocol.h in Headers */,
				278F9A3B0F702FE4003B7645 /* CKHTTPConnection.h in Headers */,
				2740ED0A0FE94CD90081C416 /* CKThreadProxy.h in Headers */,
				27D1E90C0FEB04FF00DC6A84 /* CKFileTransferDelegate.h in Headers */,
				270B9B840FF3AAB300DC1DAA /* CKFSItemInfo.h in Headers */,
				27774F630FF3E8AC00CEFCA2 /* CKAmazonS3Protocol.h in Headers */,
				27EF164C0FF7BB85000D52D1 /* CK_AmazonS3RESTOperation.h in Headers */,
				279EF8DA100CFBEC003CF6E2 /* CKHTTPBasedProtocol.h in Headers */,
				279EF99B100D3F26003CF6E2 /* CKFileRequest.h in Headers */,
				279EFA26100DE65D003CF6E2 /* CK_FileOperation.h in Headers */,
				279EFA34100DE753003CF6E2 /* CK_AsyncOperation.h in Headers */,
				27B052A7100E1BA100338264 /* CK_FileTransferClient.h in Headers */,
				2745C064100F470300AB2F29 /* NSString+Connection.h in Headers */,
				2745C07C100F495C00AB2F29 /* CKFSProtocolThread.h in Headers */,
				27FD82B41019E74E00C0EB4A /* CKAmazonS3Handle.h in Headers */,
				27FD82D2101A01ED00C0EB4A /* CK_AmazonS3BucketInfoParser.h in Headers */,
				27FD82D4101A01ED00C0EB4A /* CK_AmazonS3ServiceInfoParser.h in Headers */,
				27FD82D6101A01ED00C0EB4A /* CKAmazonS3FSProtocol.h in Headers */,
			);
			runOnlyForDeploymentPostprocessing = 0;
		};
/* End PBXHeadersBuildPhase section */

/* Begin PBXNativeTarget section */
		09D6601C09FD37990000BA00 /* UnitTest */ = {
			isa = PBXNativeTarget;
			buildConfigurationList = 09D6602609FD379A0000BA00 /* Build configuration list for PBXNativeTarget "UnitTest" */;
			buildPhases = (
				09D6601809FD37990000BA00 /* Resources */,
				09D6601909FD37990000BA00 /* Sources */,
				09D6601A09FD37990000BA00 /* Frameworks */,
				09D6601B09FD37990000BA00 /* ShellScript */,
			);
			buildRules = (
			);
			dependencies = (
				09D6604709FD37DD0000BA00 /* PBXTargetDependency */,
			);
			name = UnitTest;
			productName = UnitTest;
			productReference = 09D6601D09FD37990000BA00 /* UnitTest.octest */;
			productType = "com.apple.product-type.bundle";
		};
		795FF4F00B0C013200EA9292 /* DropletHelper */ = {
			isa = PBXNativeTarget;
			buildConfigurationList = 795FF4F70B0C013300EA9292 /* Build configuration list for PBXNativeTarget "DropletHelper" */;
			buildPhases = (
				795FF4ED0B0C013200EA9292 /* Resources */,
				795FF4EE0B0C013200EA9292 /* Sources */,
				795FF4EF0B0C013200EA9292 /* Frameworks */,
				7983ED650B0C749800F5078E /* Reset Install Path */,
			);
			buildRules = (
			);
			dependencies = (
				795FF4FC0B0C014B00EA9292 /* PBXTargetDependency */,
			);
			name = DropletHelper;
			productName = DropletHelper;
			productReference = 795FF4F10B0C013200EA9292 /* DropletHelper.app */;
			productType = "com.apple.product-type.application";
		};
		7983E6D10B0C4DF000F5078E /* DropletLauncher */ = {
			isa = PBXNativeTarget;
			buildConfigurationList = 7983E6E20B0C4E1E00F5078E /* Build configuration list for PBXNativeTarget "DropletLauncher" */;
			buildPhases = (
				7983E6CF0B0C4DF000F5078E /* Sources */,
				7983E6D00B0C4DF000F5078E /* Frameworks */,
			);
			buildRules = (
			);
			dependencies = (
			);
			name = DropletLauncher;
			productName = DropletLauncher;
			productReference = 7983E6D20B0C4DF000F5078E /* DropletLauncher */;
			productType = "com.apple.product-type.tool";
		};
		79CFD12509F702BE00172CDD /* Framework */ = {
			isa = PBXNativeTarget;
			buildConfigurationList = 79CFD12809F702BF00172CDD /* Build configuration list for PBXNativeTarget "Framework" */;
			buildPhases = (
				797CBBEB09F854B60063FF9B /* Generate Localizable.strings */,
				79CFD12309F702BE00172CDD /* Sources */,
				79CFD12409F702BE00172CDD /* Frameworks */,
				79CFD12109F702BE00172CDD /* Headers */,
				79CFD12209F702BE00172CDD /* Resources */,
				7931260F0B3684B2002FF80D /* Strip UKKQueue */,
			);
			buildRules = (
			);
			dependencies = (
				7983E7040B0C4E3300F5078E /* PBXTargetDependency */,
			);
			name = Framework;
			productName = Framework;
			productReference = 79CFD12609F702BE00172CDD /* ConnectionKit.framework */;
			productType = "com.apple.product-type.framework";
		};
/* End PBXNativeTarget section */

/* Begin PBXProject section */
		29B97313FDCFA39411CA2CEA /* Project object */ = {
			isa = PBXProject;
			buildConfigurationList = C01FCF4E08A954540054247B /* Build configuration list for PBXProject "ConnectionKit" */;
			compatibilityVersion = "Xcode 2.4";
			hasScannedForEncodings = 1;
			knownRegions = (
				en,
				ja,
				fr,
				de,
				zh_TW,
				da,
				it,
				zh_CN,
			);
			mainGroup = 29B97314FDCFA39411CA2CEA /* Connection */;
			projectDirPath = "";
			projectRoot = "";
			targets = (
				7983E7E80B0C4F2200F5078E /* Build All */,
				79CFD12509F702BE00172CDD /* Framework */,
				09D6601C09FD37990000BA00 /* UnitTest */,
				795FF4F00B0C013200EA9292 /* DropletHelper */,
				7983E6D10B0C4DF000F5078E /* DropletLauncher */,
			);
		};
/* End PBXProject section */

/* Begin PBXResourcesBuildPhase section */
		09D6601809FD37990000BA00 /* Resources */ = {
			isa = PBXResourcesBuildPhase;
			buildActionMask = 2147483647;
			files = (
			);
			runOnlyForDeploymentPostprocessing = 0;
		};
		795FF4ED0B0C013200EA9292 /* Resources */ = {
			isa = PBXResourcesBuildPhase;
			buildActionMask = 2147483647;
			files = (
				7983EDF90B0C802C00F5078E /* DropletIcon.icns in Resources */,
				795FF5070B0C048700EA9292 /* Droplet.nib in Resources */,
			);
			runOnlyForDeploymentPostprocessing = 0;
		};
		79CFD12209F702BE00172CDD /* Resources */ = {
			isa = PBXResourcesBuildPhase;
			buildActionMask = 2147483647;
			files = (
				7983E7050B0C4E4E00F5078E /* DropletLauncher in Resources */,
				79CFD8C809F7069100172CDD /* ConnectionOpenPanel.nib in Resources */,
				797CC8C709F861770063FF9B /* Localizable.strings in Resources */,
				7983E6CC0B0C4D8800F5078E /* DropletIcon.icns in Resources */,
				798300070B0D4A2600F5078E /* DropletLauncher.nib in Resources */,
				79906BAF0B1175A800FE9681 /* host.png in Resources */,
				79906BB00B1175A800FE9681 /* bonjour.png in Resources */,
				7978FC150B117D7C0048168B /* bookmark.tif in Resources */,
				799174970C83962D00EFFC79 /* CKDirectoryTree.nib in Resources */,
				79B09AA60C85CDFD00E7F1CC /* history_forward.tiff in Resources */,
				79B09AA70C85CDFD00E7F1CC /* history_back.tiff in Resources */,
				79B09AA80C85CDFD00E7F1CC /* column_mode.tiff in Resources */,
				79B09AA90C85CDFD00E7F1CC /* list_mode.tiff in Resources */,
				79B09AAA0C85CDFD00E7F1CC /* icon_mode.tiff in Resources */,
				79420F520C94EDAD0002B99D /* browser_resizer.tiff in Resources */,
				794213E70C961B510002B99D /* container_triangle_selected.tiff in Resources */,
				794213E80C961B510002B99D /* container_triangle.tiff in Resources */,
				7909996B0CA8376B00A22156 /* gear_disabled.tiff in Resources */,
				7909996C0CA8376C00A22156 /* gear_normal.tiff in Resources */,
				7909996D0CA8376C00A22156 /* gear_pressed.tiff in Resources */,
				79318F2F0CA9F3A2005C4AB6 /* gear.tiff in Resources */,
				D3EEAE380D41B42700D43A7A /* LeopardFolder.tiff in Resources */,
				D3EEAE390D41B42B00D43A7A /* AquaFolder.png in Resources */,
				D3A2B7A30D90A2E2002F02EF /* Passphrase.nib in Resources */,
			);
			runOnlyForDeploymentPostprocessing = 0;
		};
/* End PBXResourcesBuildPhase section */

/* Begin PBXShellScriptBuildPhase section */
		09D6601B09FD37990000BA00 /* ShellScript */ = {
			isa = PBXShellScriptBuildPhase;
			buildActionMask = 2147483647;
			files = (
			);
			inputPaths = (
			);
			outputPaths = (
			);
			runOnlyForDeploymentPostprocessing = 0;
			shellPath = /bin/sh;
			shellScript = "# Run the unit tests in this test bundle.\n\"${SYSTEM_DEVELOPER_DIR}/Tools/RunUnitTests\"\n";
		};
		7931260F0B3684B2002FF80D /* Strip UKKQueue */ = {
			isa = PBXShellScriptBuildPhase;
			buildActionMask = 2147483647;
			files = (
			);
			inputPaths = (
			);
			name = "Strip UKKQueue";
			outputPaths = (
			);
			runOnlyForDeploymentPostprocessing = 0;
			shellPath = /bin/sh;
			shellScript = "HAS_SYMBOLS=`nm ${BUILT_PRODUCTS_DIR}/${EXECUTABLE_PATH} |grep .objc_class_name_UKKQueue |grep -w A`\necho $HAS_SYMBOLS\nif [ \"$HAS_SYMBOLS\" == \"\" ]\nthen\n\techo \"No need to strip symbols\"\nelse\n\tnmedit -R \"${SOURCE_ROOT}/UKKQueue_Symbols\" \"${BUILT_PRODUCTS_DIR}/${EXECUTABLE_PATH}\"\nfi\n";
			showEnvVarsInLog = 0;
		};
		797CBBEB09F854B60063FF9B /* Generate Localizable.strings */ = {
			isa = PBXShellScriptBuildPhase;
			buildActionMask = 8;
			files = (
			);
			inputPaths = (
			);
			name = "Generate Localizable.strings";
			outputPaths = (
			);
			runOnlyForDeploymentPostprocessing = 1;
			shellPath = /bin/sh;
			shellScript = "echo \"Generating Localizable.strings ...\"\n\ncd \"${SRCROOT}\"\ngenstrings -littleEndian -q -u -s LocalizedStringInConnectionKitBundle -o en.lproj *.m\n";
			showEnvVarsInLog = 0;
		};
		7983E7EE0B0C4F5100F5078E /* ShellScript */ = {
			isa = PBXShellScriptBuildPhase;
			buildActionMask = 2147483647;
			files = (
			);
			inputPaths = (
			);
			outputPaths = (
			);
			runOnlyForDeploymentPostprocessing = 0;
			shellPath = /bin/sh;
			shellScript = "#!/bin/sh\n\n# Copy the DropletHelper application into the Resources folder of the framework\n\nLAUNCHER_PATH=$CONFIGURATION_BUILD_DIR/DropletHelper.app\nCK_FRAMEWORK_PATH=$CONFIGURATION_BUILD_DIR/Connection.framework/Versions/A/Resources\n\nrm -rf $CK_FRAMEWORK_PATH/DropletHelper.app\n\nmv $LAUNCHER_PATH $CK_FRAMEWORK_PATH\n";
		};
		7983ED650B0C749800F5078E /* Reset Install Path */ = {
			isa = PBXShellScriptBuildPhase;
			buildActionMask = 2147483647;
			files = (
			);
			inputPaths = (
			);
			name = "Reset Install Path";
			outputPaths = (
			);
			runOnlyForDeploymentPostprocessing = 0;
			shellPath = /bin/sh;
			shellScript = "/Developer/usr/bin/install_name_tool -change @executable_path/../Frameworks/Connection.framework/Versions/A/Connection @executable_path/../../../../Connection $CONFIGURATION_BUILD_DIR/DropletHelper.app/Contents/MacOS/DropletHelper";
		};
/* End PBXShellScriptBuildPhase section */

/* Begin PBXSourcesBuildPhase section */
		09D6601909FD37990000BA00 /* Sources */ = {
			isa = PBXSourcesBuildPhase;
			buildActionMask = 2147483647;
			files = (
				09B5F7660A01D1BF001F8961 /* AbstractConnectionTest.m in Sources */,
				09EB32BA0A15B801008A5C3D /* FTPConnectionTest.m in Sources */,
			);
			runOnlyForDeploymentPostprocessing = 0;
		};
		795FF4EE0B0C013200EA9292 /* Sources */ = {
			isa = PBXSourcesBuildPhase;
			buildActionMask = 2147483647;
			files = (
				795FF5020B0C018100EA9292 /* DropletMain.m in Sources */,
				795FF50E0B0C05F400EA9292 /* DropletController.m in Sources */,
				7983E0950B0C1A8500F5078E /* DropletOutlineView.m in Sources */,
				7983F3EE0B0D1B8B00F5078E /* DropletPanel.m in Sources */,
			);
			runOnlyForDeploymentPostprocessing = 0;
		};
		7983E6CF0B0C4DF000F5078E /* Sources */ = {
			isa = PBXSourcesBuildPhase;
			buildActionMask = 2147483647;
			files = (
				7983E6DE0B0C4E0000F5078E /* DropletLauncher.m in Sources */,
			);
			runOnlyForDeploymentPostprocessing = 0;
		};
		79CFD12309F702BE00172CDD /* Sources */ = {
			isa = PBXSourcesBuildPhase;
			buildActionMask = 2147483647;
			files = (
				278B966B0F27FC18002F3C54 /* CKWebDAVProtocol.m in Sources */,
				278B967F0F27FCDE002F3C54 /* CKFileTransferConnection.m in Sources */,
				278B96830F27FCDE002F3C54 /* CKFSProtocol.m in Sources */,
				278B98750F29EC12002F3C54 /* CKLocalFileSystemProtocol.m in Sources */,
				278B99C90F2B76AC002F3C54 /* CKConnectionAuthentication.m in Sources */,
				27F05A6C0F2BA0B200DB5FBA /* CKFTPProtocol.m in Sources */,
				27F05A700F2BA0D800DB5FBA /* CKSFTPProtocol.m in Sources */,
				278F9A3C0F702FE4003B7645 /* CKHTTPConnection.m in Sources */,
				2740ED0B0FE94CD90081C416 /* CKThreadProxy.m in Sources */,
				270B9B850FF3AAB400DC1DAA /* CKFSItemInfo.m in Sources */,
				27774F640FF3E8AC00CEFCA2 /* CKAmazonS3Protocol.m in Sources */,
				27EF164D0FF7BB85000D52D1 /* CK_AmazonS3RESTOperation.m in Sources */,
				279EF8DB100CFBEC003CF6E2 /* CKHTTPBasedProtocol.m in Sources */,
				279EF99C100D3F26003CF6E2 /* CKFileRequest.m in Sources */,
				279EFA27100DE65D003CF6E2 /* CK_FileOperation.m in Sources */,
				279EFA35100DE753003CF6E2 /* CK_AsyncOperation.m in Sources */,
				27B052A8100E1BA100338264 /* CK_FileTransferClient.m in Sources */,
				2745C065100F470300AB2F29 /* NSString+Connection.m in Sources */,
				2745C07D100F495C00AB2F29 /* CKFSProtocolThread.m in Sources */,
				27FD82B51019E74E00C0EB4A /* CKAmazonS3Handle.m in Sources */,
				27FD82D3101A01ED00C0EB4A /* CK_AmazonS3BucketInfoParser.m in Sources */,
				27FD82D5101A01ED00C0EB4A /* CK_AmazonS3ServiceInfoParser.m in Sources */,
				27FD82D7101A01ED00C0EB4A /* CKAmazonS3FSProtocol.m in Sources */,
			);
			runOnlyForDeploymentPostprocessing = 0;
		};
/* End PBXSourcesBuildPhase section */

/* Begin PBXTargetDependency section */
		09D6604709FD37DD0000BA00 /* PBXTargetDependency */ = {
			isa = PBXTargetDependency;
			target = 79CFD12509F702BE00172CDD /* Framework */;
			targetProxy = 09D6604609FD37DD0000BA00 /* PBXContainerItemProxy */;
		};
		795FF4FC0B0C014B00EA9292 /* PBXTargetDependency */ = {
			isa = PBXTargetDependency;
			target = 79CFD12509F702BE00172CDD /* Framework */;
			targetProxy = 795FF4FB0B0C014B00EA9292 /* PBXContainerItemProxy */;
		};
		7983E7040B0C4E3300F5078E /* PBXTargetDependency */ = {
			isa = PBXTargetDependency;
			target = 7983E6D10B0C4DF000F5078E /* DropletLauncher */;
			targetProxy = 7983E7030B0C4E3300F5078E /* PBXContainerItemProxy */;
		};
		7983E7EA0B0C4F4200F5078E /* PBXTargetDependency */ = {
			isa = PBXTargetDependency;
			target = 79CFD12509F702BE00172CDD /* Framework */;
			targetProxy = 7983E7E90B0C4F4200F5078E /* PBXContainerItemProxy */;
		};
		7983E7EC0B0C4F4600F5078E /* PBXTargetDependency */ = {
			isa = PBXTargetDependency;
			target = 795FF4F00B0C013200EA9292 /* DropletHelper */;
			targetProxy = 7983E7EB0B0C4F4600F5078E /* PBXContainerItemProxy */;
		};
/* End PBXTargetDependency section */

/* Begin PBXVariantGroup section */
		795FF5050B0C048700EA9292 /* Droplet.nib */ = {
			isa = PBXVariantGroup;
			children = (
				795FF5060B0C048700EA9292 /* en */,
			);
			name = Droplet.nib;
			sourceTree = "<group>";
		};
		797CC8C509F861770063FF9B /* Localizable.strings */ = {
			isa = PBXVariantGroup;
			children = (
				797CC8C609F861770063FF9B /* en */,
				3C2D8EC10A63FF31008FE1B0 /* zh_TW */,
				3C2D8EC20A63FF3B008FE1B0 /* fr */,
				3C2D8EC30A63FF41008FE1B0 /* da */,
				CEA9AFD30A64224100855897 /* ja */,
				CEB563850A7AB7070081179A /* de */,
				CE1AD3DF0A7E845A0083C01E /* it */,
				CE55A6620AD194740091C8AE /* zh_CN */,
			);
			name = Localizable.strings;
			sourceTree = "<group>";
		};
		798300050B0D4A2600F5078E /* DropletLauncher.nib */ = {
			isa = PBXVariantGroup;
			children = (
				798300060B0D4A2600F5078E /* en */,
				CEF894CF0BD72A45002886AA /* da */,
				CEF894E90BD72A55002886AA /* de */,
				CEF894EE0BD72A5C002886AA /* fr */,
				CEF894F30BD72A62002886AA /* it */,
				CEF894F80BD72A6A002886AA /* ja */,
				CEF894FD0BD72A70002886AA /* zh_CN */,
				CEF895020BD72A76002886AA /* zh_TW */,
			);
			name = DropletLauncher.nib;
			sourceTree = "<group>";
		};
		799174950C83962D00EFFC79 /* CKDirectoryTree.nib */ = {
			isa = PBXVariantGroup;
			children = (
				799174960C83962D00EFFC79 /* en */,
				CE0180830DB6C72E003E008B /* fr */,
				CEBC056A0DB94446001BF0DF /* da */,
				CEBC056E0DB94548001BF0DF /* de */,
				CEBC056F0DB94553001BF0DF /* it */,
				CEBC05700DB9455A001BF0DF /* ja */,
				CEBC05710DB9455F001BF0DF /* zh_CN */,
				CEBC05720DB94567001BF0DF /* zh_TW */,
			);
			name = CKDirectoryTree.nib;
			sourceTree = "<group>";
		};
		79CFD8C609F7069100172CDD /* ConnectionOpenPanel.nib */ = {
			isa = PBXVariantGroup;
			children = (
				79CFD8C709F7069100172CDD /* en */,
				79CFD8C909F706B000172CDD /* fr */,
				CEDE18DD0A5C69BC0055352C /* zh_TW */,
				CEDE18DE0A5C69BE0055352C /* da */,
				CEA9AFD10A64223000855897 /* ja */,
				CEB563840A7AB7070081179A /* de */,
				CE1AD3DE0A7E845A0083C01E /* it */,
				CE55A6600AD194740091C8AE /* zh_CN */,
			);
			name = ConnectionOpenPanel.nib;
			sourceTree = "<group>";
		};
		D3A2B7A10D90A2E2002F02EF /* Passphrase.nib */ = {
			isa = PBXVariantGroup;
			children = (
				D3A2B7A20D90A2E2002F02EF /* en */,
				3C2A09C30D91B478002B8174 /* da */,
				3C2A09C60D91B485002B8174 /* de */,
				3C2A09C90D91B496002B8174 /* fr */,
				3C2A09CC0D91B4AD002B8174 /* it */,
				3C2A09CF0D91B4BE002B8174 /* ja */,
				3C2A09D20D91B4D7002B8174 /* zh_CN */,
				3C2A09D50D91B4E3002B8174 /* zh_TW */,
			);
			name = Passphrase.nib;
			sourceTree = "<group>";
		};
/* End PBXVariantGroup section */

/* Begin XCBuildConfiguration section */
		09D6602709FD379A0000BA00 /* Debug */ = {
			isa = XCBuildConfiguration;
			buildSettings = {
				COPY_PHASE_STRIP = NO;
				FRAMEWORK_SEARCH_PATHS = (
					"$(value)",
					"$(DEVELOPER_FRAMEWORKS_DIR_QUOTED)",
				);
				GCC_DYNAMIC_NO_PIC = NO;
				GCC_ENABLE_FIX_AND_CONTINUE = NO;
				GCC_ENABLE_OBJC_EXCEPTIONS = YES;
				GCC_GENERATE_DEBUGGING_SYMBOLS = YES;
				GCC_MODEL_TUNING = G5;
				GCC_OPTIMIZATION_LEVEL = 0;
				GCC_PRECOMPILE_PREFIX_HEADER = YES;
				GCC_PREFIX_HEADER = "$(SYSTEM_LIBRARY_DIR)/Frameworks/Cocoa.framework/Headers/Cocoa.h";
				INFOPLIST_FILE = "UnitTest-Info.plist";
				INSTALL_PATH = "$(USER_LIBRARY_DIR)/Bundles";
				OTHER_LDFLAGS = (
					"-framework",
					Cocoa,
					"-framework",
					SenTestingKit,
				);
				PREBINDING = NO;
				PRODUCT_NAME = UnitTest;
				WRAPPER_EXTENSION = octest;
				ZERO_LINK = NO;
			};
			name = Debug;
		};
		09D6602809FD379A0000BA00 /* Release */ = {
			isa = XCBuildConfiguration;
			buildSettings = {
				COPY_PHASE_STRIP = YES;
				FRAMEWORK_SEARCH_PATHS = (
					"$(value)",
					"$(DEVELOPER_FRAMEWORKS_DIR_QUOTED)",
				);
				GCC_ENABLE_FIX_AND_CONTINUE = NO;
				GCC_ENABLE_OBJC_EXCEPTIONS = YES;
				GCC_GENERATE_DEBUGGING_SYMBOLS = NO;
				GCC_MODEL_TUNING = G5;
				GCC_PRECOMPILE_PREFIX_HEADER = YES;
				GCC_PREFIX_HEADER = "$(SYSTEM_LIBRARY_DIR)/Frameworks/Cocoa.framework/Headers/Cocoa.h";
				INFOPLIST_FILE = "UnitTest-Info.plist";
				INSTALL_PATH = "$(USER_LIBRARY_DIR)/Bundles";
				OTHER_LDFLAGS = (
					"-framework",
					Cocoa,
					"-framework",
					SenTestingKit,
				);
				PREBINDING = NO;
				PRODUCT_NAME = UnitTest;
				WRAPPER_EXTENSION = octest;
				ZERO_LINK = NO;
			};
			name = Release;
		};
		795FF4F80B0C013300EA9292 /* Debug */ = {
			isa = XCBuildConfiguration;
			buildSettings = {
				COPY_PHASE_STRIP = NO;
				GCC_DYNAMIC_NO_PIC = NO;
				GCC_ENABLE_FIX_AND_CONTINUE = YES;
				GCC_GENERATE_DEBUGGING_SYMBOLS = YES;
				GCC_MODEL_TUNING = G5;
				GCC_OPTIMIZATION_LEVEL = 0;
				GCC_PRECOMPILE_PREFIX_HEADER = YES;
				GCC_PREFIX_HEADER = "$(SYSTEM_LIBRARY_DIR)/Frameworks/AppKit.framework/Headers/AppKit.h";
				INFOPLIST_FILE = "DropletHelper-Info.plist";
				INSTALL_PATH = "$(HOME)/Applications";
				OTHER_LDFLAGS = (
					"-framework",
					Foundation,
					"-framework",
					AppKit,
				);
				PREBINDING = NO;
				PRODUCT_NAME = DropletHelper;
				WRAPPER_EXTENSION = app;
				ZERO_LINK = NO;
			};
			name = Debug;
		};
		795FF4F90B0C013300EA9292 /* Release */ = {
			isa = XCBuildConfiguration;
			buildSettings = {
				COPY_PHASE_STRIP = YES;
				GCC_ENABLE_FIX_AND_CONTINUE = NO;
				GCC_GENERATE_DEBUGGING_SYMBOLS = NO;
				GCC_MODEL_TUNING = G5;
				GCC_PRECOMPILE_PREFIX_HEADER = YES;
				GCC_PREFIX_HEADER = "$(SYSTEM_LIBRARY_DIR)/Frameworks/AppKit.framework/Headers/AppKit.h";
				INFOPLIST_FILE = "DropletHelper-Info.plist";
				INSTALL_PATH = "$(HOME)/Applications";
				OTHER_LDFLAGS = (
					"-framework",
					Foundation,
					"-framework",
					AppKit,
				);
				PREBINDING = NO;
				PRODUCT_NAME = DropletHelper;
				WRAPPER_EXTENSION = app;
				ZERO_LINK = NO;
			};
			name = Release;
		};
		7983E6E30B0C4E1E00F5078E /* Debug */ = {
			isa = XCBuildConfiguration;
			buildSettings = {
				COPY_PHASE_STRIP = NO;
				GCC_DYNAMIC_NO_PIC = NO;
				GCC_ENABLE_FIX_AND_CONTINUE = YES;
				GCC_GENERATE_DEBUGGING_SYMBOLS = YES;
				GCC_MODEL_TUNING = G5;
				GCC_OPTIMIZATION_LEVEL = 0;
				GCC_PRECOMPILE_PREFIX_HEADER = YES;
				GCC_PREFIX_HEADER = "$(SYSTEM_LIBRARY_DIR)/Frameworks/AppKit.framework/Headers/AppKit.h";
				INSTALL_PATH = "$(HOME)/bin";
				OTHER_LDFLAGS = (
					"-framework",
					Foundation,
					"-framework",
					AppKit,
				);
				PREBINDING = NO;
				PRODUCT_NAME = DropletLauncher;
				ZERO_LINK = YES;
			};
			name = Debug;
		};
		7983E6E40B0C4E1E00F5078E /* Release */ = {
			isa = XCBuildConfiguration;
			buildSettings = {
				COPY_PHASE_STRIP = YES;
				GCC_ENABLE_FIX_AND_CONTINUE = NO;
				GCC_GENERATE_DEBUGGING_SYMBOLS = NO;
				GCC_MODEL_TUNING = G5;
				GCC_PRECOMPILE_PREFIX_HEADER = YES;
				GCC_PREFIX_HEADER = "$(SYSTEM_LIBRARY_DIR)/Frameworks/AppKit.framework/Headers/AppKit.h";
				INSTALL_PATH = "$(HOME)/bin";
				OTHER_LDFLAGS = (
					"-framework",
					Foundation,
					"-framework",
					AppKit,
				);
				PREBINDING = NO;
				PRODUCT_NAME = DropletLauncher;
				ZERO_LINK = NO;
			};
			name = Release;
		};
		7983E7F10B0C4F6F00F5078E /* Debug */ = {
			isa = XCBuildConfiguration;
			buildSettings = {
				COPY_PHASE_STRIP = NO;
				GCC_DYNAMIC_NO_PIC = NO;
				GCC_GENERATE_DEBUGGING_SYMBOLS = YES;
				GCC_OPTIMIZATION_LEVEL = 0;
				PRODUCT_NAME = "Build All";
			};
			name = Debug;
		};
		7983E7F20B0C4F6F00F5078E /* Release */ = {
			isa = XCBuildConfiguration;
			buildSettings = {
				COPY_PHASE_STRIP = YES;
				GCC_ENABLE_FIX_AND_CONTINUE = NO;
				GCC_GENERATE_DEBUGGING_SYMBOLS = NO;
				PRODUCT_NAME = "Build All";
				ZERO_LINK = NO;
			};
			name = Release;
		};
		79A8578D0B9267CA00D9C844 /* Plugin */ = {
			isa = XCBuildConfiguration;
			buildSettings = {
				COPY_PHASE_STRIP = YES;
				GCC_ENABLE_FIX_AND_CONTINUE = NO;
				GCC_GENERATE_DEBUGGING_SYMBOLS = NO;
				GCC_MODEL_TUNING = G5;
				GCC_PRECOMPILE_PREFIX_HEADER = YES;
				GCC_PREFIX_HEADER = "$(SYSTEM_LIBRARY_DIR)/Frameworks/AppKit.framework/Headers/AppKit.h";
				INSTALL_PATH = "$(HOME)/bin";
				OTHER_LDFLAGS = (
					"-framework",
					Foundation,
					"-framework",
					AppKit,
				);
				PREBINDING = NO;
				PRODUCT_NAME = DropletLauncher;
				ZERO_LINK = NO;
			};
			name = Plugin;
		};
		79A8578E0B9267CA00D9C844 /* Plugin */ = {
			isa = XCBuildConfiguration;
			buildSettings = {
				COPY_PHASE_STRIP = YES;
				DYLIB_COMPATIBILITY_VERSION = 1;
				DYLIB_CURRENT_VERSION = 1;
				FRAMEWORK_VERSION = A;
				GCC_DYNAMIC_NO_PIC = NO;
				GCC_ENABLE_FIX_AND_CONTINUE = NO;
				GCC_ENABLE_OBJC_EXCEPTIONS = YES;
				GCC_GENERATE_DEBUGGING_SYMBOLS = NO;
				GCC_MODEL_TUNING = G5;
				GCC_PFE_FILE_C_DIALECTS = "objective-c c++ objective-c++";
				GCC_PRECOMPILE_PREFIX_HEADER = YES;
				GCC_PREFIX_HEADER = Connection_Prefix.pch;
				INFOPLIST_FILE = "Framework-Info.plist";
				INSTALL_PATH = "@loader_path/../Frameworks";
				LIBRARY_SEARCH_PATHS = (
					"$(inherited)",
					"$(LIBRARY_SEARCH_PATHS_QUOTED_FOR_TARGET_1)",
				);
				LIBRARY_SEARCH_PATHS_QUOTED_FOR_TARGET_1 = "\"$(SRCROOT)\"";
				OTHER_CFLAGS = "-falign-loops=16";
				OTHER_LDFLAGS = (
					"-framework",
					Foundation,
					"-framework",
					AppKit,
					"-seg1addr",
					0xcf200000,
					"-header-pad_max_install_names",
				);
				PREBINDING = NO;
				PRODUCT_NAME = ConnectionKit;
				ZERO_LINK = NO;
			};
			name = Plugin;
		};
		79A8578F0B9267CA00D9C844 /* Plugin */ = {
			isa = XCBuildConfiguration;
			buildSettings = {
				COPY_PHASE_STRIP = YES;
				GCC_ENABLE_FIX_AND_CONTINUE = NO;
				GCC_GENERATE_DEBUGGING_SYMBOLS = NO;
				GCC_MODEL_TUNING = G5;
				GCC_PRECOMPILE_PREFIX_HEADER = YES;
				GCC_PREFIX_HEADER = "$(SYSTEM_LIBRARY_DIR)/Frameworks/AppKit.framework/Headers/AppKit.h";
				INFOPLIST_FILE = "DropletHelper-Info.plist";
				INSTALL_PATH = "$(HOME)/Applications";
				OTHER_LDFLAGS = (
					"-framework",
					Foundation,
					"-framework",
					AppKit,
				);
				PREBINDING = NO;
				PRODUCT_NAME = DropletHelper;
				WRAPPER_EXTENSION = app;
				ZERO_LINK = NO;
			};
			name = Plugin;
		};
		79A857900B9267CA00D9C844 /* Plugin */ = {
			isa = XCBuildConfiguration;
			buildSettings = {
				COPY_PHASE_STRIP = YES;
				GCC_ENABLE_FIX_AND_CONTINUE = NO;
				GCC_GENERATE_DEBUGGING_SYMBOLS = NO;
				PRODUCT_NAME = "Build All";
				ZERO_LINK = NO;
			};
			name = Plugin;
		};
		79A857920B9267CA00D9C844 /* Plugin */ = {
			isa = XCBuildConfiguration;
			buildSettings = {
				COPY_PHASE_STRIP = YES;
				FRAMEWORK_SEARCH_PATHS = (
					"$(value)",
					"$(DEVELOPER_FRAMEWORKS_DIR_QUOTED)",
				);
				GCC_ENABLE_FIX_AND_CONTINUE = NO;
				GCC_ENABLE_OBJC_EXCEPTIONS = YES;
				GCC_GENERATE_DEBUGGING_SYMBOLS = NO;
				GCC_MODEL_TUNING = G5;
				GCC_PRECOMPILE_PREFIX_HEADER = YES;
				GCC_PREFIX_HEADER = "$(SYSTEM_LIBRARY_DIR)/Frameworks/Cocoa.framework/Headers/Cocoa.h";
				INFOPLIST_FILE = "UnitTest-Info.plist";
				INSTALL_PATH = "$(USER_LIBRARY_DIR)/Bundles";
				OTHER_LDFLAGS = (
					"-framework",
					Cocoa,
					"-framework",
					SenTestingKit,
				);
				PREBINDING = NO;
				PRODUCT_NAME = UnitTest;
				WRAPPER_EXTENSION = octest;
				ZERO_LINK = NO;
			};
			name = Plugin;
		};
		79A857940B9267CA00D9C844 /* Plugin */ = {
			isa = XCBuildConfiguration;
			buildSettings = {
				ARCHS = "$(ARCHS_STANDARD_32_BIT_PRE_XCODE_3_1)";
				ARCHS_STANDARD_32_BIT_PRE_XCODE_3_1 = "ppc i386";
				GCC_ENABLE_OBJC_GC = YES;
				GCC_INCREASE_PRECOMPILED_HEADER_SHARING = NO;
				GCC_WARN_ABOUT_RETURN_TYPE = YES;
				GCC_WARN_UNUSED_VARIABLE = YES;
				PREBINDING = NO;
				SDKROOT = /Developer/SDKs/MacOSX10.5.sdk;
			};
			name = Plugin;
		};
		79CFD12909F702BF00172CDD /* Debug */ = {
			isa = XCBuildConfiguration;
			buildSettings = {
				COPY_PHASE_STRIP = NO;
				DYLIB_COMPATIBILITY_VERSION = 1;
				DYLIB_CURRENT_VERSION = 1;
				FRAMEWORK_VERSION = A;
				GCC_DYNAMIC_NO_PIC = NO;
				GCC_ENABLE_FIX_AND_CONTINUE = YES;
				GCC_ENABLE_OBJC_EXCEPTIONS = YES;
				GCC_GENERATE_DEBUGGING_SYMBOLS = YES;
				GCC_MODEL_TUNING = G5;
				GCC_OPTIMIZATION_LEVEL = 0;
				GCC_PFE_FILE_C_DIALECTS = "objective-c c++ objective-c++";
				GCC_PRECOMPILE_PREFIX_HEADER = YES;
				GCC_PREFIX_HEADER = Connection_Prefix.pch;
				GCC_TREAT_WARNINGS_AS_ERRORS = NO;
				INFOPLIST_FILE = "Framework-Info.plist";
				INSTALL_PATH = "@executable_path/../Frameworks";
				LIBRARY_SEARCH_PATHS = (
					"$(inherited)",
					"$(LIBRARY_SEARCH_PATHS_QUOTED_FOR_TARGET_1)",
				);
				LIBRARY_SEARCH_PATHS_QUOTED_FOR_TARGET_1 = "\"$(SRCROOT)\"";
				OTHER_CFLAGS = "-falign-loops=16";
				OTHER_LDFLAGS = (
					"-framework",
					Foundation,
					"-framework",
					AppKit,
					"-seg1addr",
					0xcf200000,
					"-header-pad_max_install_names",
				);
				PREBINDING = NO;
				PRODUCT_NAME = ConnectionKit;
				ZERO_LINK = NO;
			};
			name = Debug;
		};
		79CFD12A09F702BF00172CDD /* Release */ = {
			isa = XCBuildConfiguration;
			buildSettings = {
				COPY_PHASE_STRIP = YES;
				DEPLOYMENT_POSTPROCESSING = YES;
				DYLIB_COMPATIBILITY_VERSION = 1;
				DYLIB_CURRENT_VERSION = 1;
				FRAMEWORK_VERSION = A;
				GCC_DYNAMIC_NO_PIC = NO;
				GCC_ENABLE_FIX_AND_CONTINUE = NO;
				GCC_ENABLE_OBJC_EXCEPTIONS = YES;
				GCC_GENERATE_DEBUGGING_SYMBOLS = NO;
				GCC_MODEL_TUNING = G5;
				GCC_PFE_FILE_C_DIALECTS = "objective-c c++ objective-c++";
				GCC_PRECOMPILE_PREFIX_HEADER = YES;
				GCC_PREFIX_HEADER = Connection_Prefix.pch;
				INFOPLIST_FILE = "Framework-Info.plist";
				INSTALL_PATH = "@executable_path/../Frameworks";
				LIBRARY_SEARCH_PATHS = (
					"$(inherited)",
					"$(LIBRARY_SEARCH_PATHS_QUOTED_FOR_TARGET_1)",
				);
				LIBRARY_SEARCH_PATHS_QUOTED_FOR_TARGET_1 = "\"$(SRCROOT)\"";
				OTHER_CFLAGS = "-falign-loops=16";
				OTHER_LDFLAGS = (
					"-framework",
					Foundation,
					"-framework",
					AppKit,
					"-seg1addr",
					0xcf200000,
					"-header-pad_max_install_names",
				);
				PREBINDING = NO;
				PRODUCT_NAME = ConnectionKit;
				ZERO_LINK = NO;
			};
			name = Release;
		};
		C01FCF4F08A954540054247B /* Debug */ = {
			isa = XCBuildConfiguration;
			buildSettings = {
				ARCHS = "$(ONLY_ACTIVE_ARCH_PRE_XCODE_3_1)";
				GCC_ENABLE_OBJC_GC = YES;
				GCC_INCREASE_PRECOMPILED_HEADER_SHARING = NO;
				GCC_TREAT_WARNINGS_AS_ERRORS = YES;
				GCC_WARN_ABOUT_RETURN_TYPE = YES;
				GCC_WARN_UNUSED_VARIABLE = YES;
				ONLY_ACTIVE_ARCH_PRE_XCODE_3_1 = "$(NATIVE_ARCH)";
				PREBINDING = NO;
				SDKROOT = /Developer/SDKs/MacOSX10.5.sdk;
			};
			name = Debug;
		};
		C01FCF5008A954540054247B /* Release */ = {
			isa = XCBuildConfiguration;
			buildSettings = {
				ARCHS = "$(ARCHS_STANDARD_32_BIT_PRE_XCODE_3_1)";
				ARCHS_STANDARD_32_BIT_PRE_XCODE_3_1 = "ppc i386";
				GCC_ENABLE_OBJC_GC = YES;
				GCC_INCREASE_PRECOMPILED_HEADER_SHARING = NO;
				GCC_TREAT_WARNINGS_AS_ERRORS = YES;
				GCC_WARN_ABOUT_RETURN_TYPE = YES;
				GCC_WARN_UNUSED_VARIABLE = YES;
				PREBINDING = NO;
				SDKROOT = /Developer/SDKs/MacOSX10.5.sdk;
			};
			name = Release;
		};
/* End XCBuildConfiguration section */

/* Begin XCConfigurationList section */
		09D6602609FD379A0000BA00 /* Build configuration list for PBXNativeTarget "UnitTest" */ = {
			isa = XCConfigurationList;
			buildConfigurations = (
				09D6602709FD379A0000BA00 /* Debug */,
				09D6602809FD379A0000BA00 /* Release */,
				79A857920B9267CA00D9C844 /* Plugin */,
			);
			defaultConfigurationIsVisible = 0;
			defaultConfigurationName = Release;
		};
		795FF4F70B0C013300EA9292 /* Build configuration list for PBXNativeTarget "DropletHelper" */ = {
			isa = XCConfigurationList;
			buildConfigurations = (
				795FF4F80B0C013300EA9292 /* Debug */,
				795FF4F90B0C013300EA9292 /* Release */,
				79A8578F0B9267CA00D9C844 /* Plugin */,
			);
			defaultConfigurationIsVisible = 0;
			defaultConfigurationName = Release;
		};
		7983E6E20B0C4E1E00F5078E /* Build configuration list for PBXNativeTarget "DropletLauncher" */ = {
			isa = XCConfigurationList;
			buildConfigurations = (
				7983E6E30B0C4E1E00F5078E /* Debug */,
				7983E6E40B0C4E1E00F5078E /* Release */,
				79A8578D0B9267CA00D9C844 /* Plugin */,
			);
			defaultConfigurationIsVisible = 0;
			defaultConfigurationName = Release;
		};
		7983E7F00B0C4F6F00F5078E /* Build configuration list for PBXAggregateTarget "Build All" */ = {
			isa = XCConfigurationList;
			buildConfigurations = (
				7983E7F10B0C4F6F00F5078E /* Debug */,
				7983E7F20B0C4F6F00F5078E /* Release */,
				79A857900B9267CA00D9C844 /* Plugin */,
			);
			defaultConfigurationIsVisible = 0;
			defaultConfigurationName = Release;
		};
		79CFD12809F702BF00172CDD /* Build configuration list for PBXNativeTarget "Framework" */ = {
			isa = XCConfigurationList;
			buildConfigurations = (
				79CFD12909F702BF00172CDD /* Debug */,
				79CFD12A09F702BF00172CDD /* Release */,
				79A8578E0B9267CA00D9C844 /* Plugin */,
			);
			defaultConfigurationIsVisible = 0;
			defaultConfigurationName = Release;
		};
		C01FCF4E08A954540054247B /* Build configuration list for PBXProject "ConnectionKit" */ = {
			isa = XCConfigurationList;
			buildConfigurations = (
				C01FCF4F08A954540054247B /* Debug */,
				C01FCF5008A954540054247B /* Release */,
				79A857940B9267CA00D9C844 /* Plugin */,
			);
			defaultConfigurationIsVisible = 0;
			defaultConfigurationName = Release;
		};
/* End XCConfigurationList section */
	};
	rootObject = 29B97313FDCFA39411CA2CEA /* Project object */;
}
