<?xml version="1.0" encoding="UTF-8"?>
<Scheme
   LastUpgradeVersion = "0630"
   version = "1.3">
   <BuildAction
      parallelizeBuildables = "YES"
      buildImplicitDependencies = "YES">
      <BuildActionEntries>
         <BuildActionEntry
            buildForTesting = "YES"
            buildForRunning = "YES"
            buildForProfiling = "YES"
            buildForArchiving = "YES"
            buildForAnalyzing = "YES">
            <BuildableReference
               BuildableIdentifier = "primary"
               BlueprintIdentifier = "79CFD12509F702BE00172CDD"
               BuildableName = "ConnectionKit.framework"
               BlueprintName = "ConnectionKit"
               ReferencedContainer = "container:Connection.xcodeproj">
            </BuildableReference>
         </BuildActionEntry>
      </BuildActionEntries>
   </BuildAction>
   <TestAction
      selectedDebuggerIdentifier = "Xcode.DebuggerFoundation.Debugger.LLDB"
      selectedLauncherIdentifier = "Xcode.DebuggerFoundation.Launcher.LLDB"
      shouldUseLaunchSchemeArgsEnv = "YES"
      buildConfiguration = "Debug">
      <Testables>
         <TestableReference
            skipped = "NO">
            <BuildableReference
               BuildableIdentifier = "primary"
               BlueprintIdentifier = "220AD7971509019B00748655"
               BuildableName = "UnitTests.xctest"
               BlueprintName = "UnitTests"
               ReferencedContainer = "container:Connection.xcodeproj">
            </BuildableReference>
            <SkippedTests>
               <Test
                  Identifier = "BaseCKProtocolTests">
               </Test>
               <Test
                  Identifier = "BaseCKTests">
               </Test>
               <Test
                  Identifier = "CK2FileManagerBaseTests">
               </Test>
               <Test
                  Identifier = "CK2FileManagerFTPTests/testFile1">
               </Test>
               <Test
                  Identifier = "CK2FileManagerFTPTests/testFile2">
               </Test>
               <Test
                  Identifier = "CK2FileManagerFTPTests/testFolder">
               </Test>
               <Test
                  Identifier = "CK2FileManagerGenericTests">
               </Test>
               <Test
                  Identifier = "CKUploaderTests/testRemoveFileAtPath">
               </Test>
               <Test
                  Identifier = "CKUploaderTests/testRemoveFileAtPathNoAuthentication">
               </Test>
               <Test
                  Identifier = "KMSTestCase">
               </Test>
               <Test
                  Identifier = "MockServerTests">
               </Test>
            </SkippedTests>
         </TestableReference>
      </Testables>
   </TestAction>
   <LaunchAction
      selectedDebuggerIdentifier = "Xcode.DebuggerFoundation.Debugger.LLDB"
      selectedLauncherIdentifier = "Xcode.DebuggerFoundation.Launcher.LLDB"
      launchStyle = "0"
      useCustomWorkingDirectory = "NO"
      buildConfiguration = "Debug"
      ignoresPersistentStateOnLaunch = "NO"
      debugDocumentVersioning = "YES"
      allowLocationSimulation = "YES">
      <MacroExpansion>
         <BuildableReference
            BuildableIdentifier = "primary"
            BlueprintIdentifier = "79CFD12509F702BE00172CDD"
            BuildableName = "ConnectionKit.framework"
            BlueprintName = "ConnectionKit"
            ReferencedContainer = "container:Connection.xcodeproj">
         </BuildableReference>
      </MacroExpansion>
      <AdditionalOptions>
      </AdditionalOptions>
   </LaunchAction>
   <ProfileAction
      shouldUseLaunchSchemeArgsEnv = "YES"
      savedToolIdentifier = ""
      useCustomWorkingDirectory = "NO"
      buildConfiguration = "Release"
      debugDocumentVersioning = "YES">
   </ProfileAction>
   <AnalyzeAction
      buildConfiguration = "Debug">
   </AnalyzeAction>
   <ArchiveAction
      buildConfiguration = "Release"
      revealArchiveInOrganizer = "YES">
   </ArchiveAction>
</Scheme>
